// !$*UTF8*$!
{
	archiveVersion = 1;
	classes = {
	};
	objectVersion = 55;
	objects = {

/* Begin PBXBuildFile section */
		D344FC2828CBFD0F0004AC6F /* iOSTakeHomeProjectApp.swift in Sources */ = {isa = PBXBuildFile; fileRef = D344FC2728CBFD0F0004AC6F /* iOSTakeHomeProjectApp.swift */; };
		D344FC2C28CBFD100004AC6F /* Assets.xcassets in Resources */ = {isa = PBXBuildFile; fileRef = D344FC2B28CBFD100004AC6F /* Assets.xcassets */; };
		D344FC2F28CBFD100004AC6F /* Preview Assets.xcassets in Resources */ = {isa = PBXBuildFile; fileRef = D344FC2E28CBFD100004AC6F /* Preview Assets.xcassets */; };
		D344FC3628CBFD590004AC6F /* Symbols.swift in Sources */ = {isa = PBXBuildFile; fileRef = D344FC3528CBFD590004AC6F /* Symbols.swift */; };
		D344FC3928CBFEF60004AC6F /* Theme.swift in Sources */ = {isa = PBXBuildFile; fileRef = D344FC3828CBFEF60004AC6F /* Theme.swift */; };
		D344FC4E28CC060B0004AC6F /* Launch Screen.storyboard in Resources */ = {isa = PBXBuildFile; fileRef = D344FC4D28CC060B0004AC6F /* Launch Screen.storyboard */; };
		D344FC5128CC09FC0004AC6F /* UsersStaticData.json in Resources */ = {isa = PBXBuildFile; fileRef = D344FC5028CC09FC0004AC6F /* UsersStaticData.json */; };
		D344FC5528CC0B220004AC6F /* UserDetailResponse.swift in Sources */ = {isa = PBXBuildFile; fileRef = D344FC5428CC0B220004AC6F /* UserDetailResponse.swift */; };
		D344FC5728CC0BA50004AC6F /* UsersResponse.swift in Sources */ = {isa = PBXBuildFile; fileRef = D344FC5628CC0BA50004AC6F /* UsersResponse.swift */; };
		D344FC5A28CC0C310004AC6F /* Models.swift in Sources */ = {isa = PBXBuildFile; fileRef = D344FC5928CC0C310004AC6F /* Models.swift */; };
		D344FC5D28CC0C7D0004AC6F /* StaticJSONMapper.swift in Sources */ = {isa = PBXBuildFile; fileRef = D344FC5C28CC0C7D0004AC6F /* StaticJSONMapper.swift */; };
		D34F5E5428CCDBFD00D81712 /* CreateView.swift in Sources */ = {isa = PBXBuildFile; fileRef = D34F5E5328CCDBFD00D81712 /* CreateView.swift */; };
		D34F5E5728CCDF5400D81712 /* NetworkingManager.swift in Sources */ = {isa = PBXBuildFile; fileRef = D34F5E5628CCDF5400D81712 /* NetworkingManager.swift */; };
		D34F5E5928CCE47900D81712 /* PeopleViewModel.swift in Sources */ = {isa = PBXBuildFile; fileRef = D34F5E5828CCE47900D81712 /* PeopleViewModel.swift */; };
		D34F5E5B28CCE70700D81712 /* DetailViewModel.swift in Sources */ = {isa = PBXBuildFile; fileRef = D34F5E5A28CCE70700D81712 /* DetailViewModel.swift */; };
		D34F5E5D28CCF8BC00D81712 /* NewPerson.swift in Sources */ = {isa = PBXBuildFile; fileRef = D34F5E5C28CCF8BC00D81712 /* NewPerson.swift */; };
		D34F5E5F28CCF91D00D81712 /* CreateViewModel.swift in Sources */ = {isa = PBXBuildFile; fileRef = D34F5E5E28CCF91D00D81712 /* CreateViewModel.swift */; };
		D34F5E6128CD063300D81712 /* CheckmarkPopoverView.swift in Sources */ = {isa = PBXBuildFile; fileRef = D34F5E6028CD063300D81712 /* CheckmarkPopoverView.swift */; };
		D34F5E6428CD094600D81712 /* CreateValidator.swift in Sources */ = {isa = PBXBuildFile; fileRef = D34F5E6328CD094600D81712 /* CreateValidator.swift */; };
		D34F5E6728CD104200D81712 /* HapticsManager.swift in Sources */ = {isa = PBXBuildFile; fileRef = D34F5E6628CD104200D81712 /* HapticsManager.swift */; };
		D34F5E6928CD118900D81712 /* SettingsView.swift in Sources */ = {isa = PBXBuildFile; fileRef = D34F5E6828CD118900D81712 /* SettingsView.swift */; };
		D34F5E6C28CD125500D81712 /* UserDefaultsKeys.swift in Sources */ = {isa = PBXBuildFile; fileRef = D34F5E6B28CD125500D81712 /* UserDefaultsKeys.swift */; };
		D34F5E6E28CD13A600D81712 /* Endpoint.swift in Sources */ = {isa = PBXBuildFile; fileRef = D34F5E6D28CD13A600D81712 /* Endpoint.swift */; };
		D3502BF528CC140100E8E09A /* SingleUserData.json in Resources */ = {isa = PBXBuildFile; fileRef = D3502BF428CC140100E8E09A /* SingleUserData.json */; };
		D3502BF728CC162300E8E09A /* PeopleView.swift in Sources */ = {isa = PBXBuildFile; fileRef = D3502BF628CC162300E8E09A /* PeopleView.swift */; };
		D3502BF928CC1BA600E8E09A /* PersonItemView.swift in Sources */ = {isa = PBXBuildFile; fileRef = D3502BF828CC1BA600E8E09A /* PersonItemView.swift */; };
		D3502BFC28CC1CB800E8E09A /* PillView.swift in Sources */ = {isa = PBXBuildFile; fileRef = D3502BFB28CC1CB800E8E09A /* PillView.swift */; };
		D3502BFE28CC214100E8E09A /* DetailView.swift in Sources */ = {isa = PBXBuildFile; fileRef = D3502BFD28CC214100E8E09A /* DetailView.swift */; };
		D352B95C28CD4A0C008BD282 /* JSONMapperTests.swift in Sources */ = {isa = PBXBuildFile; fileRef = D352B95B28CD4A0C008BD282 /* JSONMapperTests.swift */; };
		D352B95F28CD5425008BD282 /* CreateFormValidatorTests.swift in Sources */ = {isa = PBXBuildFile; fileRef = D352B95E28CD5425008BD282 /* CreateFormValidatorTests.swift */; };
		D352B96328CD5CD6008BD282 /* NetworkingEndpointTests.swift in Sources */ = {isa = PBXBuildFile; fileRef = D352B96228CD5CD6008BD282 /* NetworkingEndpointTests.swift */; };
		D352B96928CD63AC008BD282 /* NetworkingManagerTests.swift in Sources */ = {isa = PBXBuildFile; fileRef = D352B96828CD63AC008BD282 /* NetworkingManagerTests.swift */; };
		D38C318D28CE101D0095C52D /* PeopleViewModelSuccessTests.swift in Sources */ = {isa = PBXBuildFile; fileRef = D38C318C28CE101D0095C52D /* PeopleViewModelSuccessTests.swift */; };
		D38C319128CE15FE0095C52D /* PeopleViewModelFailureTests.swift in Sources */ = {isa = PBXBuildFile; fileRef = D38C319028CE15FE0095C52D /* PeopleViewModelFailureTests.swift */; };
		D38C319C28CE19F80095C52D /* DetailViewModelSuccessTests.swift in Sources */ = {isa = PBXBuildFile; fileRef = D38C319B28CE19F80095C52D /* DetailViewModelSuccessTests.swift */; };
		D38C319E28CE1A2E0095C52D /* DetailViewModelFailureTests.swift in Sources */ = {isa = PBXBuildFile; fileRef = D38C319D28CE1A2E0095C52D /* DetailViewModelFailureTests.swift */; };
		D38C31AB28CE21F80095C52D /* CreateViewModelSuccessTests.swift in Sources */ = {isa = PBXBuildFile; fileRef = D38C31AA28CE21F80095C52D /* CreateViewModelSuccessTests.swift */; };
		D38C31AD28CE220A0095C52D /* CreateViewModelValidationFailureTests.swift in Sources */ = {isa = PBXBuildFile; fileRef = D38C31AC28CE220A0095C52D /* CreateViewModelValidationFailureTests.swift */; };
		D38C31AF28CE26EC0095C52D /* CreateViewModelFailureTests.swift in Sources */ = {isa = PBXBuildFile; fileRef = D38C31AE28CE26EC0095C52D /* CreateViewModelFailureTests.swift */; };
		D38C31C128CE2A1B0095C52D /* PeopleScreenUITests.swift in Sources */ = {isa = PBXBuildFile; fileRef = D38C31C028CE2A1B0095C52D /* PeopleScreenUITests.swift */; };
		D38C31C428CE2C670095C52D /* UITestingHelper.swift in Sources */ = {isa = PBXBuildFile; fileRef = D38C31C328CE2C670095C52D /* UITestingHelper.swift */; };
		D38C31D428CE2F5F0095C52D /* MockURLSessionProtocol.swift in Sources */ = {isa = PBXBuildFile; fileRef = D352B96528CD61F9008BD282 /* MockURLSessionProtocol.swift */; };
		D38C31D528CE2F5F0095C52D /* NetworkingManagerUsersResponseSuccessMock.swift in Sources */ = {isa = PBXBuildFile; fileRef = D38C318E28CE108C0095C52D /* NetworkingManagerUsersResponseSuccessMock.swift */; };
		D38C31D628CE2F5F0095C52D /* NetworkingManagerCreateSuccessMock.swift in Sources */ = {isa = PBXBuildFile; fileRef = D38C31A128CE20A20095C52D /* NetworkingManagerCreateSuccessMock.swift */; };
		D38C31D728CE2F5F0095C52D /* NetworkingManagerCreateFailureMock.swift in Sources */ = {isa = PBXBuildFile; fileRef = D38C31A328CE21000095C52D /* NetworkingManagerCreateFailureMock.swift */; };
		D38C31D828CE2F5F0095C52D /* NetworkingManagerUserDetailResponseSuccessMock.swift in Sources */ = {isa = PBXBuildFile; fileRef = D38C319628CE18900095C52D /* NetworkingManagerUserDetailResponseSuccessMock.swift */; };
		D38C31D928CE2F5F0095C52D /* NetworkingManagerUsersResponseFailureMock.swift in Sources */ = {isa = PBXBuildFile; fileRef = D38C319228CE16290095C52D /* NetworkingManagerUsersResponseFailureMock.swift */; };
		D38C31DA28CE2F5F0095C52D /* CreateValidatorSuccessMock.swift in Sources */ = {isa = PBXBuildFile; fileRef = D38C31A628CE21730095C52D /* CreateValidatorSuccessMock.swift */; };
		D38C31DB28CE2F5F0095C52D /* CreateValidatorFailureMock.swift in Sources */ = {isa = PBXBuildFile; fileRef = D38C31A828CE21AE0095C52D /* CreateValidatorFailureMock.swift */; };
		D38C31DC28CE2F5F0095C52D /* NetworkingManagerUserDetailResponseFailureMock.swift in Sources */ = {isa = PBXBuildFile; fileRef = D38C319828CE19920095C52D /* NetworkingManagerUserDetailResponseFailureMock.swift */; };
		D38C31DE28CE364B0095C52D /* PeopleFailureUITests.swift in Sources */ = {isa = PBXBuildFile; fileRef = D38C31DD28CE364B0095C52D /* PeopleFailureUITests.swift */; };
		D38C31E128CE41230095C52D /* DetailsUITests.swift in Sources */ = {isa = PBXBuildFile; fileRef = D38C31E028CE41230095C52D /* DetailsUITests.swift */; };
		D38C31E328CE45F70095C52D /* DetailsFailureUITests.swift in Sources */ = {isa = PBXBuildFile; fileRef = D38C31E228CE45F70095C52D /* DetailsFailureUITests.swift */; };
		D38C31E628CE488F0095C52D /* CreateScreenUIValidTests.swift in Sources */ = {isa = PBXBuildFile; fileRef = D38C31E528CE488F0095C52D /* CreateScreenUIValidTests.swift */; };
		D38C31E828CE4B510095C52D /* CreateScreenFormValidationUITests.swift in Sources */ = {isa = PBXBuildFile; fileRef = D38C31E728CE4B510095C52D /* CreateScreenFormValidationUITests.swift */; };
		D38C31EA28CE4FD30095C52D /* CreateFailureUITests.swift in Sources */ = {isa = PBXBuildFile; fileRef = D38C31E928CE4FD30095C52D /* CreateFailureUITests.swift */; };
		D38C31EC28CE51F60095C52D /* CreateUITests.swift in Sources */ = {isa = PBXBuildFile; fileRef = D38C31EB28CE51F60095C52D /* CreateUITests.swift */; };
/* End PBXBuildFile section */

/* Begin PBXContainerItemProxy section */
		D352B95528CD49D8008BD282 /* PBXContainerItemProxy */ = {
			isa = PBXContainerItemProxy;
			containerPortal = D344FC1C28CBFD0F0004AC6F /* Project object */;
			proxyType = 1;
			remoteGlobalIDString = D344FC2328CBFD0F0004AC6F;
			remoteInfo = iOSTakeHomeProject;
		};
		D38C31BA28CE29C60095C52D /* PBXContainerItemProxy */ = {
			isa = PBXContainerItemProxy;
			containerPortal = D344FC1C28CBFD0F0004AC6F /* Project object */;
			proxyType = 1;
			remoteGlobalIDString = D344FC2328CBFD0F0004AC6F;
			remoteInfo = iOSTakeHomeProject;
		};
/* End PBXContainerItemProxy section */

/* Begin PBXFileReference section */
		D344FC2428CBFD0F0004AC6F /* iOSTakeHomeProject.app */ = {isa = PBXFileReference; explicitFileType = wrapper.application; includeInIndex = 0; path = iOSTakeHomeProject.app; sourceTree = BUILT_PRODUCTS_DIR; };
		D344FC2728CBFD0F0004AC6F /* iOSTakeHomeProjectApp.swift */ = {isa = PBXFileReference; lastKnownFileType = sourcecode.swift; path = iOSTakeHomeProjectApp.swift; sourceTree = "<group>"; };
		D344FC2B28CBFD100004AC6F /* Assets.xcassets */ = {isa = PBXFileReference; lastKnownFileType = folder.assetcatalog; path = Assets.xcassets; sourceTree = "<group>"; };
		D344FC2E28CBFD100004AC6F /* Preview Assets.xcassets */ = {isa = PBXFileReference; lastKnownFileType = folder.assetcatalog; path = "Preview Assets.xcassets"; sourceTree = "<group>"; };
		D344FC3528CBFD590004AC6F /* Symbols.swift */ = {isa = PBXFileReference; lastKnownFileType = sourcecode.swift; path = Symbols.swift; sourceTree = "<group>"; };
		D344FC3828CBFEF60004AC6F /* Theme.swift */ = {isa = PBXFileReference; lastKnownFileType = sourcecode.swift; path = Theme.swift; sourceTree = "<group>"; };
		D344FC4D28CC060B0004AC6F /* Launch Screen.storyboard */ = {isa = PBXFileReference; lastKnownFileType = file.storyboard; path = "Launch Screen.storyboard"; sourceTree = "<group>"; };
		D344FC5028CC09FC0004AC6F /* UsersStaticData.json */ = {isa = PBXFileReference; lastKnownFileType = text.json; path = UsersStaticData.json; sourceTree = "<group>"; };
		D344FC5428CC0B220004AC6F /* UserDetailResponse.swift */ = {isa = PBXFileReference; lastKnownFileType = sourcecode.swift; path = UserDetailResponse.swift; sourceTree = "<group>"; };
		D344FC5628CC0BA50004AC6F /* UsersResponse.swift */ = {isa = PBXFileReference; lastKnownFileType = sourcecode.swift; path = UsersResponse.swift; sourceTree = "<group>"; };
		D344FC5928CC0C310004AC6F /* Models.swift */ = {isa = PBXFileReference; lastKnownFileType = sourcecode.swift; path = Models.swift; sourceTree = "<group>"; };
		D344FC5C28CC0C7D0004AC6F /* StaticJSONMapper.swift */ = {isa = PBXFileReference; lastKnownFileType = sourcecode.swift; path = StaticJSONMapper.swift; sourceTree = "<group>"; };
		D34F5E5328CCDBFD00D81712 /* CreateView.swift */ = {isa = PBXFileReference; lastKnownFileType = sourcecode.swift; path = CreateView.swift; sourceTree = "<group>"; };
		D34F5E5628CCDF5400D81712 /* NetworkingManager.swift */ = {isa = PBXFileReference; lastKnownFileType = sourcecode.swift; path = NetworkingManager.swift; sourceTree = "<group>"; };
		D34F5E5828CCE47900D81712 /* PeopleViewModel.swift */ = {isa = PBXFileReference; lastKnownFileType = sourcecode.swift; path = PeopleViewModel.swift; sourceTree = "<group>"; };
		D34F5E5A28CCE70700D81712 /* DetailViewModel.swift */ = {isa = PBXFileReference; lastKnownFileType = sourcecode.swift; path = DetailViewModel.swift; sourceTree = "<group>"; };
		D34F5E5C28CCF8BC00D81712 /* NewPerson.swift */ = {isa = PBXFileReference; lastKnownFileType = sourcecode.swift; path = NewPerson.swift; sourceTree = "<group>"; };
		D34F5E5E28CCF91D00D81712 /* CreateViewModel.swift */ = {isa = PBXFileReference; lastKnownFileType = sourcecode.swift; path = CreateViewModel.swift; sourceTree = "<group>"; };
		D34F5E6028CD063300D81712 /* CheckmarkPopoverView.swift */ = {isa = PBXFileReference; lastKnownFileType = sourcecode.swift; path = CheckmarkPopoverView.swift; sourceTree = "<group>"; };
		D34F5E6328CD094600D81712 /* CreateValidator.swift */ = {isa = PBXFileReference; lastKnownFileType = sourcecode.swift; path = CreateValidator.swift; sourceTree = "<group>"; };
		D34F5E6628CD104200D81712 /* HapticsManager.swift */ = {isa = PBXFileReference; lastKnownFileType = sourcecode.swift; path = HapticsManager.swift; sourceTree = "<group>"; };
		D34F5E6828CD118900D81712 /* SettingsView.swift */ = {isa = PBXFileReference; lastKnownFileType = sourcecode.swift; path = SettingsView.swift; sourceTree = "<group>"; };
		D34F5E6B28CD125500D81712 /* UserDefaultsKeys.swift */ = {isa = PBXFileReference; lastKnownFileType = sourcecode.swift; path = UserDefaultsKeys.swift; sourceTree = "<group>"; };
		D34F5E6D28CD13A600D81712 /* Endpoint.swift */ = {isa = PBXFileReference; lastKnownFileType = sourcecode.swift; path = Endpoint.swift; sourceTree = "<group>"; };
		D3502BF428CC140100E8E09A /* SingleUserData.json */ = {isa = PBXFileReference; lastKnownFileType = text.json; path = SingleUserData.json; sourceTree = "<group>"; };
		D3502BF628CC162300E8E09A /* PeopleView.swift */ = {isa = PBXFileReference; lastKnownFileType = sourcecode.swift; path = PeopleView.swift; sourceTree = "<group>"; };
		D3502BF828CC1BA600E8E09A /* PersonItemView.swift */ = {isa = PBXFileReference; lastKnownFileType = sourcecode.swift; path = PersonItemView.swift; sourceTree = "<group>"; };
		D3502BFB28CC1CB800E8E09A /* PillView.swift */ = {isa = PBXFileReference; lastKnownFileType = sourcecode.swift; path = PillView.swift; sourceTree = "<group>"; };
		D3502BFD28CC214100E8E09A /* DetailView.swift */ = {isa = PBXFileReference; lastKnownFileType = sourcecode.swift; path = DetailView.swift; sourceTree = "<group>"; };
		D352B95128CD49D8008BD282 /* iOSTakeHomeProjectTests.xctest */ = {isa = PBXFileReference; explicitFileType = wrapper.cfbundle; includeInIndex = 0; path = iOSTakeHomeProjectTests.xctest; sourceTree = BUILT_PRODUCTS_DIR; };
		D352B95B28CD4A0C008BD282 /* JSONMapperTests.swift */ = {isa = PBXFileReference; lastKnownFileType = sourcecode.swift; path = JSONMapperTests.swift; sourceTree = "<group>"; };
		D352B95E28CD5425008BD282 /* CreateFormValidatorTests.swift */ = {isa = PBXFileReference; lastKnownFileType = sourcecode.swift; path = CreateFormValidatorTests.swift; sourceTree = "<group>"; };
		D352B96228CD5CD6008BD282 /* NetworkingEndpointTests.swift */ = {isa = PBXFileReference; lastKnownFileType = sourcecode.swift; path = NetworkingEndpointTests.swift; sourceTree = "<group>"; };
		D352B96528CD61F9008BD282 /* MockURLSessionProtocol.swift */ = {isa = PBXFileReference; lastKnownFileType = sourcecode.swift; path = MockURLSessionProtocol.swift; sourceTree = "<group>"; };
		D352B96828CD63AC008BD282 /* NetworkingManagerTests.swift */ = {isa = PBXFileReference; lastKnownFileType = sourcecode.swift; path = NetworkingManagerTests.swift; sourceTree = "<group>"; };
		D38C318C28CE101D0095C52D /* PeopleViewModelSuccessTests.swift */ = {isa = PBXFileReference; lastKnownFileType = sourcecode.swift; path = PeopleViewModelSuccessTests.swift; sourceTree = "<group>"; };
		D38C318E28CE108C0095C52D /* NetworkingManagerUsersResponseSuccessMock.swift */ = {isa = PBXFileReference; lastKnownFileType = sourcecode.swift; path = NetworkingManagerUsersResponseSuccessMock.swift; sourceTree = "<group>"; };
		D38C319028CE15FE0095C52D /* PeopleViewModelFailureTests.swift */ = {isa = PBXFileReference; lastKnownFileType = sourcecode.swift; path = PeopleViewModelFailureTests.swift; sourceTree = "<group>"; };
		D38C319228CE16290095C52D /* NetworkingManagerUsersResponseFailureMock.swift */ = {isa = PBXFileReference; lastKnownFileType = sourcecode.swift; path = NetworkingManagerUsersResponseFailureMock.swift; sourceTree = "<group>"; };
		D38C319628CE18900095C52D /* NetworkingManagerUserDetailResponseSuccessMock.swift */ = {isa = PBXFileReference; lastKnownFileType = sourcecode.swift; path = NetworkingManagerUserDetailResponseSuccessMock.swift; sourceTree = "<group>"; };
		D38C319828CE19920095C52D /* NetworkingManagerUserDetailResponseFailureMock.swift */ = {isa = PBXFileReference; lastKnownFileType = sourcecode.swift; path = NetworkingManagerUserDetailResponseFailureMock.swift; sourceTree = "<group>"; };
		D38C319B28CE19F80095C52D /* DetailViewModelSuccessTests.swift */ = {isa = PBXFileReference; lastKnownFileType = sourcecode.swift; path = DetailViewModelSuccessTests.swift; sourceTree = "<group>"; };
		D38C319D28CE1A2E0095C52D /* DetailViewModelFailureTests.swift */ = {isa = PBXFileReference; lastKnownFileType = sourcecode.swift; path = DetailViewModelFailureTests.swift; sourceTree = "<group>"; };
		D38C31A128CE20A20095C52D /* NetworkingManagerCreateSuccessMock.swift */ = {isa = PBXFileReference; lastKnownFileType = sourcecode.swift; path = NetworkingManagerCreateSuccessMock.swift; sourceTree = "<group>"; };
		D38C31A328CE21000095C52D /* NetworkingManagerCreateFailureMock.swift */ = {isa = PBXFileReference; lastKnownFileType = sourcecode.swift; path = NetworkingManagerCreateFailureMock.swift; sourceTree = "<group>"; };
		D38C31A628CE21730095C52D /* CreateValidatorSuccessMock.swift */ = {isa = PBXFileReference; lastKnownFileType = sourcecode.swift; path = CreateValidatorSuccessMock.swift; sourceTree = "<group>"; };
		D38C31A828CE21AE0095C52D /* CreateValidatorFailureMock.swift */ = {isa = PBXFileReference; lastKnownFileType = sourcecode.swift; path = CreateValidatorFailureMock.swift; sourceTree = "<group>"; };
		D38C31AA28CE21F80095C52D /* CreateViewModelSuccessTests.swift */ = {isa = PBXFileReference; lastKnownFileType = sourcecode.swift; path = CreateViewModelSuccessTests.swift; sourceTree = "<group>"; };
		D38C31AC28CE220A0095C52D /* CreateViewModelValidationFailureTests.swift */ = {isa = PBXFileReference; lastKnownFileType = sourcecode.swift; path = CreateViewModelValidationFailureTests.swift; sourceTree = "<group>"; };
		D38C31AE28CE26EC0095C52D /* CreateViewModelFailureTests.swift */ = {isa = PBXFileReference; lastKnownFileType = sourcecode.swift; path = CreateViewModelFailureTests.swift; sourceTree = "<group>"; };
		D38C31B428CE29C60095C52D /* iOSTakeHomeProjectUITests.xctest */ = {isa = PBXFileReference; explicitFileType = wrapper.cfbundle; includeInIndex = 0; path = iOSTakeHomeProjectUITests.xctest; sourceTree = BUILT_PRODUCTS_DIR; };
		D38C31C028CE2A1B0095C52D /* PeopleScreenUITests.swift */ = {isa = PBXFileReference; lastKnownFileType = sourcecode.swift; path = PeopleScreenUITests.swift; sourceTree = "<group>"; };
		D38C31C328CE2C670095C52D /* UITestingHelper.swift */ = {isa = PBXFileReference; lastKnownFileType = sourcecode.swift; path = UITestingHelper.swift; sourceTree = "<group>"; };
		D38C31DD28CE364B0095C52D /* PeopleFailureUITests.swift */ = {isa = PBXFileReference; lastKnownFileType = sourcecode.swift; path = PeopleFailureUITests.swift; sourceTree = "<group>"; };
		D38C31E028CE41230095C52D /* DetailsUITests.swift */ = {isa = PBXFileReference; lastKnownFileType = sourcecode.swift; path = DetailsUITests.swift; sourceTree = "<group>"; };
		D38C31E228CE45F70095C52D /* DetailsFailureUITests.swift */ = {isa = PBXFileReference; lastKnownFileType = sourcecode.swift; path = DetailsFailureUITests.swift; sourceTree = "<group>"; };
		D38C31E528CE488F0095C52D /* CreateScreenUIValidTests.swift */ = {isa = PBXFileReference; lastKnownFileType = sourcecode.swift; path = CreateScreenUIValidTests.swift; sourceTree = "<group>"; };
		D38C31E728CE4B510095C52D /* CreateScreenFormValidationUITests.swift */ = {isa = PBXFileReference; lastKnownFileType = sourcecode.swift; path = CreateScreenFormValidationUITests.swift; sourceTree = "<group>"; };
		D38C31E928CE4FD30095C52D /* CreateFailureUITests.swift */ = {isa = PBXFileReference; lastKnownFileType = sourcecode.swift; path = CreateFailureUITests.swift; sourceTree = "<group>"; };
		D38C31EB28CE51F60095C52D /* CreateUITests.swift */ = {isa = PBXFileReference; lastKnownFileType = sourcecode.swift; path = CreateUITests.swift; sourceTree = "<group>"; };
/* End PBXFileReference section */

/* Begin PBXFrameworksBuildPhase section */
		D344FC2128CBFD0F0004AC6F /* Frameworks */ = {
			isa = PBXFrameworksBuildPhase;
			buildActionMask = 2147483647;
			files = (
			);
			runOnlyForDeploymentPostprocessing = 0;
		};
		D352B94E28CD49D8008BD282 /* Frameworks */ = {
			isa = PBXFrameworksBuildPhase;
			buildActionMask = 2147483647;
			files = (
			);
			runOnlyForDeploymentPostprocessing = 0;
		};
		D38C31B128CE29C60095C52D /* Frameworks */ = {
			isa = PBXFrameworksBuildPhase;
			buildActionMask = 2147483647;
			files = (
			);
			runOnlyForDeploymentPostprocessing = 0;
		};
/* End PBXFrameworksBuildPhase section */

/* Begin PBXGroup section */
		D344FC1B28CBFD0F0004AC6F = {
			isa = PBXGroup;
			children = (
				D344FC2628CBFD0F0004AC6F /* iOSTakeHomeProject */,
				D352B95228CD49D8008BD282 /* iOSTakeHomeProjectTests */,
				D38C31B528CE29C60095C52D /* iOSTakeHomeProjectUITests */,
				D344FC2528CBFD0F0004AC6F /* Products */,
			);
			sourceTree = "<group>";
		};
		D344FC2528CBFD0F0004AC6F /* Products */ = {
			isa = PBXGroup;
			children = (
				D344FC2428CBFD0F0004AC6F /* iOSTakeHomeProject.app */,
				D352B95128CD49D8008BD282 /* iOSTakeHomeProjectTests.xctest */,
				D38C31B428CE29C60095C52D /* iOSTakeHomeProjectUITests.xctest */,
			);
			name = Products;
			sourceTree = "<group>";
		};
		D344FC2628CBFD0F0004AC6F /* iOSTakeHomeProject */ = {
			isa = PBXGroup;
			children = (
				D344FC2728CBFD0F0004AC6F /* iOSTakeHomeProjectApp.swift */,
				D38C31C228CE2C540095C52D /* UITesting */,
				D38C31C528CE2E280095C52D /* Mocks */,
				D344FC3A28CC00360004AC6F /* Base */,
				D344FC3B28CC00410004AC6F /* Features */,
				D344FC3728CBFDA60004AC6F /* Resources */,
				D344FC4D28CC060B0004AC6F /* Launch Screen.storyboard */,
				D344FC2B28CBFD100004AC6F /* Assets.xcassets */,
				D344FC2D28CBFD100004AC6F /* Preview Content */,
			);
			path = iOSTakeHomeProject;
			sourceTree = "<group>";
		};
		D344FC2D28CBFD100004AC6F /* Preview Content */ = {
			isa = PBXGroup;
			children = (
				D344FC2E28CBFD100004AC6F /* Preview Assets.xcassets */,
			);
			path = "Preview Content";
			sourceTree = "<group>";
		};
		D344FC3728CBFDA60004AC6F /* Resources */ = {
			isa = PBXGroup;
			children = (
				D3502BF328CC132400E8E09A /* JSON */,
				D344FC3528CBFD590004AC6F /* Symbols.swift */,
				D344FC3828CBFEF60004AC6F /* Theme.swift */,
			);
			path = Resources;
			sourceTree = "<group>";
		};
		D344FC3A28CC00360004AC6F /* Base */ = {
			isa = PBXGroup;
			children = (
				D34F5E6A28CD123900D81712 /* UserDefaults */,
				D344FC5828CC0C170004AC6F /* Models */,
				D34F5E6528CD103500D81712 /* Haptics */,
				D344FC5B28CC0C630004AC6F /* Mapper */,
				D34F5E5528CCDF3C00D81712 /* API */,
				D3502BFA28CC1CA700E8E09A /* Views */,
			);
			path = Base;
			sourceTree = "<group>";
		};
		D344FC3B28CC00410004AC6F /* Features */ = {
			isa = PBXGroup;
			children = (
				D344FC3C28CC00630004AC6F /* People */,
				D344FC3E28CC00730004AC6F /* Detail */,
				D344FC3D28CC006C0004AC6F /* Create */,
				D344FC3F28CC00780004AC6F /* Settings */,
			);
			path = Features;
			sourceTree = "<group>";
		};
		D344FC3C28CC00630004AC6F /* People */ = {
			isa = PBXGroup;
			children = (
				D344FC4128CC009C0004AC6F /* Models */,
				D344FC4228CC00A30004AC6F /* ViewModels */,
				D344FC4028CC00940004AC6F /* Views */,
			);
			path = People;
			sourceTree = "<group>";
		};
		D344FC3D28CC006C0004AC6F /* Create */ = {
			isa = PBXGroup;
			children = (
				D344FC4328CC00B50004AC6F /* Models */,
				D34F5E6228CD092F00D81712 /* Validator */,
				D344FC4528CC00B50004AC6F /* ViewModels */,
				D344FC4428CC00B50004AC6F /* Views */,
			);
			path = Create;
			sourceTree = "<group>";
		};
		D344FC3E28CC00730004AC6F /* Detail */ = {
			isa = PBXGroup;
			children = (
				D344FC4628CC00BC0004AC6F /* Models */,
				D344FC4728CC00BC0004AC6F /* ViewModels */,
				D344FC4828CC00BC0004AC6F /* Views */,
			);
			path = Detail;
			sourceTree = "<group>";
		};
		D344FC3F28CC00780004AC6F /* Settings */ = {
			isa = PBXGroup;
			children = (
				D344FC4A28CC00BE0004AC6F /* Views */,
			);
			path = Settings;
			sourceTree = "<group>";
		};
		D344FC4028CC00940004AC6F /* Views */ = {
			isa = PBXGroup;
			children = (
				D3502BF628CC162300E8E09A /* PeopleView.swift */,
				D3502BF828CC1BA600E8E09A /* PersonItemView.swift */,
			);
			path = Views;
			sourceTree = "<group>";
		};
		D344FC4128CC009C0004AC6F /* Models */ = {
			isa = PBXGroup;
			children = (
				D344FC5628CC0BA50004AC6F /* UsersResponse.swift */,
			);
			path = Models;
			sourceTree = "<group>";
		};
		D344FC4228CC00A30004AC6F /* ViewModels */ = {
			isa = PBXGroup;
			children = (
				D34F5E5828CCE47900D81712 /* PeopleViewModel.swift */,
			);
			path = ViewModels;
			sourceTree = "<group>";
		};
		D344FC4328CC00B50004AC6F /* Models */ = {
			isa = PBXGroup;
			children = (
				D34F5E5C28CCF8BC00D81712 /* NewPerson.swift */,
			);
			path = Models;
			sourceTree = "<group>";
		};
		D344FC4428CC00B50004AC6F /* Views */ = {
			isa = PBXGroup;
			children = (
				D34F5E5328CCDBFD00D81712 /* CreateView.swift */,
			);
			path = Views;
			sourceTree = "<group>";
		};
		D344FC4528CC00B50004AC6F /* ViewModels */ = {
			isa = PBXGroup;
			children = (
				D34F5E5E28CCF91D00D81712 /* CreateViewModel.swift */,
			);
			path = ViewModels;
			sourceTree = "<group>";
		};
		D344FC4628CC00BC0004AC6F /* Models */ = {
			isa = PBXGroup;
			children = (
				D344FC5428CC0B220004AC6F /* UserDetailResponse.swift */,
			);
			path = Models;
			sourceTree = "<group>";
		};
		D344FC4728CC00BC0004AC6F /* ViewModels */ = {
			isa = PBXGroup;
			children = (
				D34F5E5A28CCE70700D81712 /* DetailViewModel.swift */,
			);
			path = ViewModels;
			sourceTree = "<group>";
		};
		D344FC4828CC00BC0004AC6F /* Views */ = {
			isa = PBXGroup;
			children = (
				D3502BFD28CC214100E8E09A /* DetailView.swift */,
			);
			path = Views;
			sourceTree = "<group>";
		};
		D344FC4A28CC00BE0004AC6F /* Views */ = {
			isa = PBXGroup;
			children = (
				D34F5E6828CD118900D81712 /* SettingsView.swift */,
			);
			path = Views;
			sourceTree = "<group>";
		};
		D344FC5828CC0C170004AC6F /* Models */ = {
			isa = PBXGroup;
			children = (
				D344FC5928CC0C310004AC6F /* Models.swift */,
			);
			path = Models;
			sourceTree = "<group>";
		};
		D344FC5B28CC0C630004AC6F /* Mapper */ = {
			isa = PBXGroup;
			children = (
				D344FC5C28CC0C7D0004AC6F /* StaticJSONMapper.swift */,
			);
			path = Mapper;
			sourceTree = "<group>";
		};
		D34F5E5528CCDF3C00D81712 /* API */ = {
			isa = PBXGroup;
			children = (
				D34F5E5628CCDF5400D81712 /* NetworkingManager.swift */,
				D34F5E6D28CD13A600D81712 /* Endpoint.swift */,
			);
			path = API;
			sourceTree = "<group>";
		};
		D34F5E6228CD092F00D81712 /* Validator */ = {
			isa = PBXGroup;
			children = (
				D34F5E6328CD094600D81712 /* CreateValidator.swift */,
			);
			path = Validator;
			sourceTree = "<group>";
		};
		D34F5E6528CD103500D81712 /* Haptics */ = {
			isa = PBXGroup;
			children = (
				D34F5E6628CD104200D81712 /* HapticsManager.swift */,
			);
			path = Haptics;
			sourceTree = "<group>";
		};
		D34F5E6A28CD123900D81712 /* UserDefaults */ = {
			isa = PBXGroup;
			children = (
				D34F5E6B28CD125500D81712 /* UserDefaultsKeys.swift */,
			);
			path = UserDefaults;
			sourceTree = "<group>";
		};
		D3502BF328CC132400E8E09A /* JSON */ = {
			isa = PBXGroup;
			children = (
				D3502BF428CC140100E8E09A /* SingleUserData.json */,
				D344FC5028CC09FC0004AC6F /* UsersStaticData.json */,
			);
			path = JSON;
			sourceTree = "<group>";
		};
		D3502BFA28CC1CA700E8E09A /* Views */ = {
			isa = PBXGroup;
			children = (
				D3502BFB28CC1CB800E8E09A /* PillView.swift */,
				D34F5E6028CD063300D81712 /* CheckmarkPopoverView.swift */,
			);
			path = Views;
			sourceTree = "<group>";
		};
		D352B95228CD49D8008BD282 /* iOSTakeHomeProjectTests */ = {
			isa = PBXGroup;
			children = (
				D352B95A28CD49F6008BD282 /* Mapper */,
				D352B96028CD5C88008BD282 /* Networking */,
				D352B95D28CD53FC008BD282 /* Form */,
				D38C318B28CE0FDE0095C52D /* People */,
				D38C319A28CE19C60095C52D /* Details */,
				D38C319F28CE1ECD0095C52D /* Create */,
			);
			path = iOSTakeHomeProjectTests;
			sourceTree = "<group>";
		};
		D352B95A28CD49F6008BD282 /* Mapper */ = {
			isa = PBXGroup;
			children = (
				D352B95B28CD4A0C008BD282 /* JSONMapperTests.swift */,
			);
			path = Mapper;
			sourceTree = "<group>";
		};
		D352B95D28CD53FC008BD282 /* Form */ = {
			isa = PBXGroup;
			children = (
				D352B95E28CD5425008BD282 /* CreateFormValidatorTests.swift */,
			);
			path = Form;
			sourceTree = "<group>";
		};
		D352B96028CD5C88008BD282 /* Networking */ = {
			isa = PBXGroup;
			children = (
				D352B96128CD5CB9008BD282 /* Endpoint */,
				D352B96728CD6392008BD282 /* NetworkingManager */,
			);
			path = Networking;
			sourceTree = "<group>";
		};
		D352B96128CD5CB9008BD282 /* Endpoint */ = {
			isa = PBXGroup;
			children = (
				D352B96228CD5CD6008BD282 /* NetworkingEndpointTests.swift */,
			);
			path = Endpoint;
			sourceTree = "<group>";
		};
		D352B96728CD6392008BD282 /* NetworkingManager */ = {
			isa = PBXGroup;
			children = (
				D352B96828CD63AC008BD282 /* NetworkingManagerTests.swift */,
			);
			path = NetworkingManager;
			sourceTree = "<group>";
		};
		D38C318B28CE0FDE0095C52D /* People */ = {
			isa = PBXGroup;
			children = (
				D38C318C28CE101D0095C52D /* PeopleViewModelSuccessTests.swift */,
				D38C319028CE15FE0095C52D /* PeopleViewModelFailureTests.swift */,
			);
			path = People;
			sourceTree = "<group>";
		};
		D38C319428CE184B0095C52D /* User Response */ = {
			isa = PBXGroup;
			children = (
				D38C318E28CE108C0095C52D /* NetworkingManagerUsersResponseSuccessMock.swift */,
				D38C319228CE16290095C52D /* NetworkingManagerUsersResponseFailureMock.swift */,
			);
			path = "User Response";
			sourceTree = "<group>";
		};
		D38C319528CE18540095C52D /* User Details */ = {
			isa = PBXGroup;
			children = (
				D38C319628CE18900095C52D /* NetworkingManagerUserDetailResponseSuccessMock.swift */,
				D38C319828CE19920095C52D /* NetworkingManagerUserDetailResponseFailureMock.swift */,
			);
			path = "User Details";
			sourceTree = "<group>";
		};
		D38C319A28CE19C60095C52D /* Details */ = {
			isa = PBXGroup;
			children = (
				D38C319B28CE19F80095C52D /* DetailViewModelSuccessTests.swift */,
				D38C319D28CE1A2E0095C52D /* DetailViewModelFailureTests.swift */,
			);
			path = Details;
			sourceTree = "<group>";
		};
		D38C319F28CE1ECD0095C52D /* Create */ = {
			isa = PBXGroup;
			children = (
				D38C31AA28CE21F80095C52D /* CreateViewModelSuccessTests.swift */,
				D38C31AC28CE220A0095C52D /* CreateViewModelValidationFailureTests.swift */,
				D38C31AE28CE26EC0095C52D /* CreateViewModelFailureTests.swift */,
			);
			path = Create;
			sourceTree = "<group>";
		};
		D38C31A028CE20770095C52D /* Create */ = {
			isa = PBXGroup;
			children = (
				D38C31C928CE2E980095C52D /* Validation */,
				D38C31A128CE20A20095C52D /* NetworkingManagerCreateSuccessMock.swift */,
				D38C31A328CE21000095C52D /* NetworkingManagerCreateFailureMock.swift */,
			);
			path = Create;
			sourceTree = "<group>";
		};
		D38C31B528CE29C60095C52D /* iOSTakeHomeProjectUITests */ = {
			isa = PBXGroup;
			children = (
				D38C31BF28CE29F90095C52D /* People */,
				D38C31DF28CE40DD0095C52D /* Detail */,
				D38C31E428CE486B0095C52D /* Create */,
			);
			path = iOSTakeHomeProjectUITests;
			sourceTree = "<group>";
		};
		D38C31BF28CE29F90095C52D /* People */ = {
			isa = PBXGroup;
			children = (
				D38C31C028CE2A1B0095C52D /* PeopleScreenUITests.swift */,
				D38C31DD28CE364B0095C52D /* PeopleFailureUITests.swift */,
			);
			path = People;
			sourceTree = "<group>";
		};
		D38C31C228CE2C540095C52D /* UITesting */ = {
			isa = PBXGroup;
			children = (
				D38C31C328CE2C670095C52D /* UITestingHelper.swift */,
			);
			path = UITesting;
			sourceTree = "<group>";
		};
		D38C31C528CE2E280095C52D /* Mocks */ = {
			isa = PBXGroup;
			children = (
				D352B96528CD61F9008BD282 /* MockURLSessionProtocol.swift */,
				D38C319428CE184B0095C52D /* User Response */,
				D38C319528CE18540095C52D /* User Details */,
				D38C31A028CE20770095C52D /* Create */,
			);
			path = Mocks;
			sourceTree = "<group>";
		};
		D38C31C928CE2E980095C52D /* Validation */ = {
			isa = PBXGroup;
			children = (
				D38C31A628CE21730095C52D /* CreateValidatorSuccessMock.swift */,
				D38C31A828CE21AE0095C52D /* CreateValidatorFailureMock.swift */,
			);
			path = Validation;
			sourceTree = "<group>";
		};
		D38C31DF28CE40DD0095C52D /* Detail */ = {
			isa = PBXGroup;
			children = (
				D38C31E028CE41230095C52D /* DetailsUITests.swift */,
				D38C31E228CE45F70095C52D /* DetailsFailureUITests.swift */,
			);
			path = Detail;
			sourceTree = "<group>";
		};
		D38C31E428CE486B0095C52D /* Create */ = {
			isa = PBXGroup;
			children = (
				D38C31E528CE488F0095C52D /* CreateScreenUIValidTests.swift */,
				D38C31E728CE4B510095C52D /* CreateScreenFormValidationUITests.swift */,
				D38C31E928CE4FD30095C52D /* CreateFailureUITests.swift */,
				D38C31EB28CE51F60095C52D /* CreateUITests.swift */,
			);
			path = Create;
			sourceTree = "<group>";
		};
/* End PBXGroup section */

/* Begin PBXNativeTarget section */
		D344FC2328CBFD0F0004AC6F /* iOSTakeHomeProject */ = {
			isa = PBXNativeTarget;
			buildConfigurationList = D344FC3228CBFD100004AC6F /* Build configuration list for PBXNativeTarget "iOSTakeHomeProject" */;
			buildPhases = (
				D344FC2028CBFD0F0004AC6F /* Sources */,
				D344FC2128CBFD0F0004AC6F /* Frameworks */,
				D344FC2228CBFD0F0004AC6F /* Resources */,
			);
			buildRules = (
			);
			dependencies = (
			);
			name = iOSTakeHomeProject;
			productName = iOSTakeHomeProject;
			productReference = D344FC2428CBFD0F0004AC6F /* iOSTakeHomeProject.app */;
			productType = "com.apple.product-type.application";
		};
		D352B95028CD49D8008BD282 /* iOSTakeHomeProjectTests */ = {
			isa = PBXNativeTarget;
			buildConfigurationList = D352B95928CD49D8008BD282 /* Build configuration list for PBXNativeTarget "iOSTakeHomeProjectTests" */;
			buildPhases = (
				D352B94D28CD49D8008BD282 /* Sources */,
				D352B94E28CD49D8008BD282 /* Frameworks */,
				D352B94F28CD49D8008BD282 /* Resources */,
			);
			buildRules = (
			);
			dependencies = (
				D352B95628CD49D8008BD282 /* PBXTargetDependency */,
			);
			name = iOSTakeHomeProjectTests;
			productName = iOSTakeHomeProjectTests;
			productReference = D352B95128CD49D8008BD282 /* iOSTakeHomeProjectTests.xctest */;
			productType = "com.apple.product-type.bundle.unit-test";
		};
		D38C31B328CE29C60095C52D /* iOSTakeHomeProjectUITests */ = {
			isa = PBXNativeTarget;
			buildConfigurationList = D38C31BC28CE29C60095C52D /* Build configuration list for PBXNativeTarget "iOSTakeHomeProjectUITests" */;
			buildPhases = (
				D38C31B028CE29C60095C52D /* Sources */,
				D38C31B128CE29C60095C52D /* Frameworks */,
				D38C31B228CE29C60095C52D /* Resources */,
			);
			buildRules = (
			);
			dependencies = (
				D38C31BB28CE29C60095C52D /* PBXTargetDependency */,
			);
			name = iOSTakeHomeProjectUITests;
			productName = iOSTakeHomeProjectUITests;
			productReference = D38C31B428CE29C60095C52D /* iOSTakeHomeProjectUITests.xctest */;
			productType = "com.apple.product-type.bundle.ui-testing";
		};
/* End PBXNativeTarget section */

/* Begin PBXProject section */
		D344FC1C28CBFD0F0004AC6F /* Project object */ = {
			isa = PBXProject;
			attributes = {
				BuildIndependentTargetsInParallel = 1;
				LastSwiftUpdateCheck = 1340;
				LastUpgradeCheck = 1340;
				TargetAttributes = {
					D344FC2328CBFD0F0004AC6F = {
						CreatedOnToolsVersion = 13.4.1;
					};
					D352B95028CD49D8008BD282 = {
						CreatedOnToolsVersion = 13.4.1;
						TestTargetID = D344FC2328CBFD0F0004AC6F;
					};
					D38C31B328CE29C60095C52D = {
						CreatedOnToolsVersion = 13.4.1;
						LastSwiftMigration = 1340;
						TestTargetID = D344FC2328CBFD0F0004AC6F;
					};
				};
			};
			buildConfigurationList = D344FC1F28CBFD0F0004AC6F /* Build configuration list for PBXProject "iOSTakeHomeProject" */;
			compatibilityVersion = "Xcode 13.0";
			developmentRegion = en;
			hasScannedForEncodings = 0;
			knownRegions = (
				en,
				Base,
			);
			mainGroup = D344FC1B28CBFD0F0004AC6F;
			productRefGroup = D344FC2528CBFD0F0004AC6F /* Products */;
			projectDirPath = "";
			projectRoot = "";
			targets = (
				D344FC2328CBFD0F0004AC6F /* iOSTakeHomeProject */,
				D352B95028CD49D8008BD282 /* iOSTakeHomeProjectTests */,
				D38C31B328CE29C60095C52D /* iOSTakeHomeProjectUITests */,
			);
		};
/* End PBXProject section */

/* Begin PBXResourcesBuildPhase section */
		D344FC2228CBFD0F0004AC6F /* Resources */ = {
			isa = PBXResourcesBuildPhase;
			buildActionMask = 2147483647;
			files = (
				D344FC5128CC09FC0004AC6F /* UsersStaticData.json in Resources */,
				D3502BF528CC140100E8E09A /* SingleUserData.json in Resources */,
				D344FC4E28CC060B0004AC6F /* Launch Screen.storyboard in Resources */,
				D344FC2F28CBFD100004AC6F /* Preview Assets.xcassets in Resources */,
				D344FC2C28CBFD100004AC6F /* Assets.xcassets in Resources */,
			);
			runOnlyForDeploymentPostprocessing = 0;
		};
		D352B94F28CD49D8008BD282 /* Resources */ = {
			isa = PBXResourcesBuildPhase;
			buildActionMask = 2147483647;
			files = (
			);
			runOnlyForDeploymentPostprocessing = 0;
		};
		D38C31B228CE29C60095C52D /* Resources */ = {
			isa = PBXResourcesBuildPhase;
			buildActionMask = 2147483647;
			files = (
			);
			runOnlyForDeploymentPostprocessing = 0;
		};
/* End PBXResourcesBuildPhase section */

/* Begin PBXSourcesBuildPhase section */
		D344FC2028CBFD0F0004AC6F /* Sources */ = {
			isa = PBXSourcesBuildPhase;
			buildActionMask = 2147483647;
			files = (
				D34F5E6928CD118900D81712 /* SettingsView.swift in Sources */,
				D34F5E6128CD063300D81712 /* CheckmarkPopoverView.swift in Sources */,
				D344FC5D28CC0C7D0004AC6F /* StaticJSONMapper.swift in Sources */,
				D3502BFC28CC1CB800E8E09A /* PillView.swift in Sources */,
				D38C31DA28CE2F5F0095C52D /* CreateValidatorSuccessMock.swift in Sources */,
				D38C31D728CE2F5F0095C52D /* NetworkingManagerCreateFailureMock.swift in Sources */,
				D38C31C428CE2C670095C52D /* UITestingHelper.swift in Sources */,
				D344FC3628CBFD590004AC6F /* Symbols.swift in Sources */,
				D34F5E5F28CCF91D00D81712 /* CreateViewModel.swift in Sources */,
				D344FC3928CBFEF60004AC6F /* Theme.swift in Sources */,
				D3502BF728CC162300E8E09A /* PeopleView.swift in Sources */,
				D38C31D828CE2F5F0095C52D /* NetworkingManagerUserDetailResponseSuccessMock.swift in Sources */,
				D38C31D628CE2F5F0095C52D /* NetworkingManagerCreateSuccessMock.swift in Sources */,
				D3502BFE28CC214100E8E09A /* DetailView.swift in Sources */,
				D38C31DB28CE2F5F0095C52D /* CreateValidatorFailureMock.swift in Sources */,
				D344FC5528CC0B220004AC6F /* UserDetailResponse.swift in Sources */,
				D344FC2828CBFD0F0004AC6F /* iOSTakeHomeProjectApp.swift in Sources */,
				D34F5E5728CCDF5400D81712 /* NetworkingManager.swift in Sources */,
				D344FC5728CC0BA50004AC6F /* UsersResponse.swift in Sources */,
				D3502BF928CC1BA600E8E09A /* PersonItemView.swift in Sources */,
				D34F5E5D28CCF8BC00D81712 /* NewPerson.swift in Sources */,
				D38C31D428CE2F5F0095C52D /* MockURLSessionProtocol.swift in Sources */,
				D34F5E5928CCE47900D81712 /* PeopleViewModel.swift in Sources */,
				D34F5E6C28CD125500D81712 /* UserDefaultsKeys.swift in Sources */,
				D34F5E6E28CD13A600D81712 /* Endpoint.swift in Sources */,
				D34F5E5428CCDBFD00D81712 /* CreateView.swift in Sources */,
				D38C31D528CE2F5F0095C52D /* NetworkingManagerUsersResponseSuccessMock.swift in Sources */,
				D34F5E6428CD094600D81712 /* CreateValidator.swift in Sources */,
				D38C31D928CE2F5F0095C52D /* NetworkingManagerUsersResponseFailureMock.swift in Sources */,
				D34F5E5B28CCE70700D81712 /* DetailViewModel.swift in Sources */,
				D34F5E6728CD104200D81712 /* HapticsManager.swift in Sources */,
				D344FC5A28CC0C310004AC6F /* Models.swift in Sources */,
				D38C31DC28CE2F5F0095C52D /* NetworkingManagerUserDetailResponseFailureMock.swift in Sources */,
			);
			runOnlyForDeploymentPostprocessing = 0;
		};
		D352B94D28CD49D8008BD282 /* Sources */ = {
			isa = PBXSourcesBuildPhase;
			buildActionMask = 2147483647;
			files = (
				D38C319128CE15FE0095C52D /* PeopleViewModelFailureTests.swift in Sources */,
				D38C319E28CE1A2E0095C52D /* DetailViewModelFailureTests.swift in Sources */,
				D352B96928CD63AC008BD282 /* NetworkingManagerTests.swift in Sources */,
				D38C31AD28CE220A0095C52D /* CreateViewModelValidationFailureTests.swift in Sources */,
				D352B95F28CD5425008BD282 /* CreateFormValidatorTests.swift in Sources */,
				D38C31AB28CE21F80095C52D /* CreateViewModelSuccessTests.swift in Sources */,
				D352B95C28CD4A0C008BD282 /* JSONMapperTests.swift in Sources */,
				D38C318D28CE101D0095C52D /* PeopleViewModelSuccessTests.swift in Sources */,
				D38C319C28CE19F80095C52D /* DetailViewModelSuccessTests.swift in Sources */,
				D38C31AF28CE26EC0095C52D /* CreateViewModelFailureTests.swift in Sources */,
				D352B96328CD5CD6008BD282 /* NetworkingEndpointTests.swift in Sources */,
			);
			runOnlyForDeploymentPostprocessing = 0;
		};
		D38C31B028CE29C60095C52D /* Sources */ = {
			isa = PBXSourcesBuildPhase;
			buildActionMask = 2147483647;
			files = (
				D38C31E828CE4B510095C52D /* CreateScreenFormValidationUITests.swift in Sources */,
				D38C31E628CE488F0095C52D /* CreateScreenUIValidTests.swift in Sources */,
				D38C31E128CE41230095C52D /* DetailsUITests.swift in Sources */,
				D38C31EC28CE51F60095C52D /* CreateUITests.swift in Sources */,
				D38C31E328CE45F70095C52D /* DetailsFailureUITests.swift in Sources */,
				D38C31C128CE2A1B0095C52D /* PeopleScreenUITests.swift in Sources */,
				D38C31EA28CE4FD30095C52D /* CreateFailureUITests.swift in Sources */,
				D38C31DE28CE364B0095C52D /* PeopleFailureUITests.swift in Sources */,
			);
			runOnlyForDeploymentPostprocessing = 0;
		};
/* End PBXSourcesBuildPhase section */

/* Begin PBXTargetDependency section */
		D352B95628CD49D8008BD282 /* PBXTargetDependency */ = {
			isa = PBXTargetDependency;
			target = D344FC2328CBFD0F0004AC6F /* iOSTakeHomeProject */;
			targetProxy = D352B95528CD49D8008BD282 /* PBXContainerItemProxy */;
		};
		D38C31BB28CE29C60095C52D /* PBXTargetDependency */ = {
			isa = PBXTargetDependency;
			target = D344FC2328CBFD0F0004AC6F /* iOSTakeHomeProject */;
			targetProxy = D38C31BA28CE29C60095C52D /* PBXContainerItemProxy */;
		};
/* End PBXTargetDependency section */

/* Begin XCBuildConfiguration section */
		D344FC3028CBFD100004AC6F /* Debug */ = {
			isa = XCBuildConfiguration;
			buildSettings = {
				ALWAYS_SEARCH_USER_PATHS = NO;
				CLANG_ANALYZER_NONNULL = YES;
				CLANG_ANALYZER_NUMBER_OBJECT_CONVERSION = YES_AGGRESSIVE;
				CLANG_CXX_LANGUAGE_STANDARD = "gnu++17";
				CLANG_ENABLE_MODULES = YES;
				CLANG_ENABLE_OBJC_ARC = YES;
				CLANG_ENABLE_OBJC_WEAK = YES;
				CLANG_WARN_BLOCK_CAPTURE_AUTORELEASING = YES;
				CLANG_WARN_BOOL_CONVERSION = YES;
				CLANG_WARN_COMMA = YES;
				CLANG_WARN_CONSTANT_CONVERSION = YES;
				CLANG_WARN_DEPRECATED_OBJC_IMPLEMENTATIONS = YES;
				CLANG_WARN_DIRECT_OBJC_ISA_USAGE = YES_ERROR;
				CLANG_WARN_DOCUMENTATION_COMMENTS = YES;
				CLANG_WARN_EMPTY_BODY = YES;
				CLANG_WARN_ENUM_CONVERSION = YES;
				CLANG_WARN_INFINITE_RECURSION = YES;
				CLANG_WARN_INT_CONVERSION = YES;
				CLANG_WARN_NON_LITERAL_NULL_CONVERSION = YES;
				CLANG_WARN_OBJC_IMPLICIT_RETAIN_SELF = YES;
				CLANG_WARN_OBJC_LITERAL_CONVERSION = YES;
				CLANG_WARN_OBJC_ROOT_CLASS = YES_ERROR;
				CLANG_WARN_QUOTED_INCLUDE_IN_FRAMEWORK_HEADER = YES;
				CLANG_WARN_RANGE_LOOP_ANALYSIS = YES;
				CLANG_WARN_STRICT_PROTOTYPES = YES;
				CLANG_WARN_SUSPICIOUS_MOVE = YES;
				CLANG_WARN_UNGUARDED_AVAILABILITY = YES_AGGRESSIVE;
				CLANG_WARN_UNREACHABLE_CODE = YES;
				CLANG_WARN__DUPLICATE_METHOD_MATCH = YES;
				COPY_PHASE_STRIP = NO;
				DEBUG_INFORMATION_FORMAT = dwarf;
				ENABLE_STRICT_OBJC_MSGSEND = YES;
				ENABLE_TESTABILITY = YES;
				GCC_C_LANGUAGE_STANDARD = gnu11;
				GCC_DYNAMIC_NO_PIC = NO;
				GCC_NO_COMMON_BLOCKS = YES;
				GCC_OPTIMIZATION_LEVEL = 0;
				GCC_PREPROCESSOR_DEFINITIONS = (
					"DEBUG=1",
					"$(inherited)",
				);
				GCC_WARN_64_TO_32_BIT_CONVERSION = YES;
				GCC_WARN_ABOUT_RETURN_TYPE = YES_ERROR;
				GCC_WARN_UNDECLARED_SELECTOR = YES;
				GCC_WARN_UNINITIALIZED_AUTOS = YES_AGGRESSIVE;
				GCC_WARN_UNUSED_FUNCTION = YES;
				GCC_WARN_UNUSED_VARIABLE = YES;
				IPHONEOS_DEPLOYMENT_TARGET = 15.5;
				MTL_ENABLE_DEBUG_INFO = INCLUDE_SOURCE;
				MTL_FAST_MATH = YES;
				ONLY_ACTIVE_ARCH = YES;
				SDKROOT = iphoneos;
				SWIFT_ACTIVE_COMPILATION_CONDITIONS = DEBUG;
				SWIFT_OPTIMIZATION_LEVEL = "-Onone";
			};
			name = Debug;
		};
		D344FC3128CBFD100004AC6F /* Release */ = {
			isa = XCBuildConfiguration;
			buildSettings = {
				ALWAYS_SEARCH_USER_PATHS = NO;
				CLANG_ANALYZER_NONNULL = YES;
				CLANG_ANALYZER_NUMBER_OBJECT_CONVERSION = YES_AGGRESSIVE;
				CLANG_CXX_LANGUAGE_STANDARD = "gnu++17";
				CLANG_ENABLE_MODULES = YES;
				CLANG_ENABLE_OBJC_ARC = YES;
				CLANG_ENABLE_OBJC_WEAK = YES;
				CLANG_WARN_BLOCK_CAPTURE_AUTORELEASING = YES;
				CLANG_WARN_BOOL_CONVERSION = YES;
				CLANG_WARN_COMMA = YES;
				CLANG_WARN_CONSTANT_CONVERSION = YES;
				CLANG_WARN_DEPRECATED_OBJC_IMPLEMENTATIONS = YES;
				CLANG_WARN_DIRECT_OBJC_ISA_USAGE = YES_ERROR;
				CLANG_WARN_DOCUMENTATION_COMMENTS = YES;
				CLANG_WARN_EMPTY_BODY = YES;
				CLANG_WARN_ENUM_CONVERSION = YES;
				CLANG_WARN_INFINITE_RECURSION = YES;
				CLANG_WARN_INT_CONVERSION = YES;
				CLANG_WARN_NON_LITERAL_NULL_CONVERSION = YES;
				CLANG_WARN_OBJC_IMPLICIT_RETAIN_SELF = YES;
				CLANG_WARN_OBJC_LITERAL_CONVERSION = YES;
				CLANG_WARN_OBJC_ROOT_CLASS = YES_ERROR;
				CLANG_WARN_QUOTED_INCLUDE_IN_FRAMEWORK_HEADER = YES;
				CLANG_WARN_RANGE_LOOP_ANALYSIS = YES;
				CLANG_WARN_STRICT_PROTOTYPES = YES;
				CLANG_WARN_SUSPICIOUS_MOVE = YES;
				CLANG_WARN_UNGUARDED_AVAILABILITY = YES_AGGRESSIVE;
				CLANG_WARN_UNREACHABLE_CODE = YES;
				CLANG_WARN__DUPLICATE_METHOD_MATCH = YES;
				COPY_PHASE_STRIP = NO;
				DEBUG_INFORMATION_FORMAT = "dwarf-with-dsym";
				ENABLE_NS_ASSERTIONS = NO;
				ENABLE_STRICT_OBJC_MSGSEND = YES;
				GCC_C_LANGUAGE_STANDARD = gnu11;
				GCC_NO_COMMON_BLOCKS = YES;
				GCC_WARN_64_TO_32_BIT_CONVERSION = YES;
				GCC_WARN_ABOUT_RETURN_TYPE = YES_ERROR;
				GCC_WARN_UNDECLARED_SELECTOR = YES;
				GCC_WARN_UNINITIALIZED_AUTOS = YES_AGGRESSIVE;
				GCC_WARN_UNUSED_FUNCTION = YES;
				GCC_WARN_UNUSED_VARIABLE = YES;
				IPHONEOS_DEPLOYMENT_TARGET = 15.5;
				MTL_ENABLE_DEBUG_INFO = NO;
				MTL_FAST_MATH = YES;
				SDKROOT = iphoneos;
				SWIFT_COMPILATION_MODE = wholemodule;
				SWIFT_OPTIMIZATION_LEVEL = "-O";
				VALIDATE_PRODUCT = YES;
			};
			name = Release;
		};
		D344FC3328CBFD100004AC6F /* Debug */ = {
			isa = XCBuildConfiguration;
			buildSettings = {
				ASSETCATALOG_COMPILER_APPICON_NAME = AppIcon;
				ASSETCATALOG_COMPILER_GLOBAL_ACCENT_COLOR_NAME = AccentColor;
				CODE_SIGN_STYLE = Automatic;
				CURRENT_PROJECT_VERSION = 1;
				DEVELOPMENT_ASSET_PATHS = "\"iOSTakeHomeProject/Preview Content\"";
				DEVELOPMENT_TEAM = HB73YMFXYF;
				ENABLE_PREVIEWS = YES;
				GENERATE_INFOPLIST_FILE = YES;
				INFOPLIST_FILE = iOSTakeHomeProject/Info.plist;
				INFOPLIST_KEY_UIApplicationSceneManifest_Generation = YES;
				INFOPLIST_KEY_UIApplicationSupportsIndirectInputEvents = YES;
				INFOPLIST_KEY_UILaunchStoryboardName = "Launch Screen";
				INFOPLIST_KEY_UISupportedInterfaceOrientations_iPad = "UIInterfaceOrientationPortrait UIInterfaceOrientationPortraitUpsideDown UIInterfaceOrientationLandscapeLeft UIInterfaceOrientationLandscapeRight";
				INFOPLIST_KEY_UISupportedInterfaceOrientations_iPhone = "UIInterfaceOrientationPortrait UIInterfaceOrientationLandscapeLeft UIInterfaceOrientationLandscapeRight";
				LD_RUNPATH_SEARCH_PATHS = (
					"$(inherited)",
					"@executable_path/Frameworks",
				);
				MARKETING_VERSION = 1.0;
				PRODUCT_BUNDLE_IDENTIFIER = com.YSBoomOfficial.iOSTakeHomeProject;
				PRODUCT_NAME = "$(TARGET_NAME)";
				SWIFT_EMIT_LOC_STRINGS = YES;
				SWIFT_VERSION = 5.0;
				TARGETED_DEVICE_FAMILY = "1,2";
			};
			name = Debug;
		};
		D344FC3428CBFD100004AC6F /* Release */ = {
			isa = XCBuildConfiguration;
			buildSettings = {
				ASSETCATALOG_COMPILER_APPICON_NAME = AppIcon;
				ASSETCATALOG_COMPILER_GLOBAL_ACCENT_COLOR_NAME = AccentColor;
				CODE_SIGN_STYLE = Automatic;
				CURRENT_PROJECT_VERSION = 1;
				DEVELOPMENT_ASSET_PATHS = "\"iOSTakeHomeProject/Preview Content\"";
				DEVELOPMENT_TEAM = HB73YMFXYF;
				ENABLE_PREVIEWS = YES;
				GENERATE_INFOPLIST_FILE = YES;
				INFOPLIST_FILE = iOSTakeHomeProject/Info.plist;
				INFOPLIST_KEY_UIApplicationSceneManifest_Generation = YES;
				INFOPLIST_KEY_UIApplicationSupportsIndirectInputEvents = YES;
				INFOPLIST_KEY_UILaunchStoryboardName = "Launch Screen";
				INFOPLIST_KEY_UISupportedInterfaceOrientations_iPad = "UIInterfaceOrientationPortrait UIInterfaceOrientationPortraitUpsideDown UIInterfaceOrientationLandscapeLeft UIInterfaceOrientationLandscapeRight";
				INFOPLIST_KEY_UISupportedInterfaceOrientations_iPhone = "UIInterfaceOrientationPortrait UIInterfaceOrientationLandscapeLeft UIInterfaceOrientationLandscapeRight";
				LD_RUNPATH_SEARCH_PATHS = (
					"$(inherited)",
					"@executable_path/Frameworks",
				);
				MARKETING_VERSION = 1.0;
				PRODUCT_BUNDLE_IDENTIFIER = com.YSBoomOfficial.iOSTakeHomeProject;
				PRODUCT_NAME = "$(TARGET_NAME)";
				SWIFT_EMIT_LOC_STRINGS = YES;
				SWIFT_VERSION = 5.0;
				TARGETED_DEVICE_FAMILY = "1,2";
			};
			name = Release;
		};
		D352B95728CD49D8008BD282 /* Debug */ = {
			isa = XCBuildConfiguration;
			buildSettings = {
				BUNDLE_LOADER = "$(TEST_HOST)";
				CODE_SIGN_STYLE = Automatic;
				CURRENT_PROJECT_VERSION = 1;
				DEVELOPMENT_TEAM = HB73YMFXYF;
				GENERATE_INFOPLIST_FILE = YES;
				MARKETING_VERSION = 1.0;
				PRODUCT_BUNDLE_IDENTIFIER = com.YSBoomOfficial.iOSTakeHomeProjectTests;
				PRODUCT_NAME = "$(TARGET_NAME)";
				SWIFT_EMIT_LOC_STRINGS = NO;
				SWIFT_VERSION = 5.0;
				TARGETED_DEVICE_FAMILY = "1,2";
				TEST_HOST = "$(BUILT_PRODUCTS_DIR)/iOSTakeHomeProject.app/iOSTakeHomeProject";
			};
			name = Debug;
		};
		D352B95828CD49D8008BD282 /* Release */ = {
			isa = XCBuildConfiguration;
			buildSettings = {
				BUNDLE_LOADER = "$(TEST_HOST)";
				CODE_SIGN_STYLE = Automatic;
				CURRENT_PROJECT_VERSION = 1;
				DEVELOPMENT_TEAM = HB73YMFXYF;
				GENERATE_INFOPLIST_FILE = YES;
				MARKETING_VERSION = 1.0;
				PRODUCT_BUNDLE_IDENTIFIER = com.YSBoomOfficial.iOSTakeHomeProjectTests;
				PRODUCT_NAME = "$(TARGET_NAME)";
				SWIFT_EMIT_LOC_STRINGS = NO;
				SWIFT_VERSION = 5.0;
				TARGETED_DEVICE_FAMILY = "1,2";
				TEST_HOST = "$(BUILT_PRODUCTS_DIR)/iOSTakeHomeProject.app/iOSTakeHomeProject";
			};
			name = Release;
		};
		D38C31BD28CE29C60095C52D /* Debug */ = {
			isa = XCBuildConfiguration;
			buildSettings = {
				CLANG_ENABLE_MODULES = YES;
				CODE_SIGN_STYLE = Automatic;
				CURRENT_PROJECT_VERSION = 1;
				DEVELOPMENT_TEAM = HB73YMFXYF;
				GENERATE_INFOPLIST_FILE = YES;
				LD_RUNPATH_SEARCH_PATHS = (
					"$(inherited)",
					"@executable_path/Frameworks",
					"@loader_path/Frameworks",
				);
				MARKETING_VERSION = 1.0;
				PRODUCT_BUNDLE_IDENTIFIER = com.YSBoomOfficial.iOSTakeHomeProjectUITests;
				PRODUCT_NAME = "$(TARGET_NAME)";
				SWIFT_EMIT_LOC_STRINGS = NO;
				SWIFT_OPTIMIZATION_LEVEL = "-Onone";
				SWIFT_VERSION = 5.0;
				TARGETED_DEVICE_FAMILY = "1,2";
				TEST_TARGET_NAME = iOSTakeHomeProject;
			};
			name = Debug;
		};
		D38C31BE28CE29C60095C52D /* Release */ = {
			isa = XCBuildConfiguration;
			buildSettings = {
				CLANG_ENABLE_MODULES = YES;
				CODE_SIGN_STYLE = Automatic;
				CURRENT_PROJECT_VERSION = 1;
				DEVELOPMENT_TEAM = HB73YMFXYF;
				GENERATE_INFOPLIST_FILE = YES;
				LD_RUNPATH_SEARCH_PATHS = (
					"$(inherited)",
					"@executable_path/Frameworks",
					"@loader_path/Frameworks",
				);
				MARKETING_VERSION = 1.0;
				PRODUCT_BUNDLE_IDENTIFIER = com.YSBoomOfficial.iOSTakeHomeProjectUITests;
				PRODUCT_NAME = "$(TARGET_NAME)";
				SWIFT_EMIT_LOC_STRINGS = NO;
				SWIFT_VERSION = 5.0;
				TARGETED_DEVICE_FAMILY = "1,2";
				TEST_TARGET_NAME = iOSTakeHomeProject;
			};
			name = Release;
		};
/* End XCBuildConfiguration section */

/* Begin XCConfigurationList section */
		D344FC1F28CBFD0F0004AC6F /* Build configuration list for PBXProject "iOSTakeHomeProject" */ = {
			isa = XCConfigurationList;
			buildConfigurations = (
				D344FC3028CBFD100004AC6F /* Debug */,
				D344FC3128CBFD100004AC6F /* Release */,
			);
			defaultConfigurationIsVisible = 0;
			defaultConfigurationName = Release;
		};
		D344FC3228CBFD100004AC6F /* Build configuration list for PBXNativeTarget "iOSTakeHomeProject" */ = {
			isa = XCConfigurationList;
			buildConfigurations = (
				D344FC3328CBFD100004AC6F /* Debug */,
				D344FC3428CBFD100004AC6F /* Release */,
			);
			defaultConfigurationIsVisible = 0;
			defaultConfigurationName = Release;
		};
		D352B95928CD49D8008BD282 /* Build configuration list for PBXNativeTarget "iOSTakeHomeProjectTests" */ = {
			isa = XCConfigurationList;
			buildConfigurations = (
				D352B95728CD49D8008BD282 /* Debug */,
				D352B95828CD49D8008BD282 /* Release */,
			);
			defaultConfigurationIsVisible = 0;
			defaultConfigurationName = Release;
		};
		D38C31BC28CE29C60095C52D /* Build configuration list for PBXNativeTarget "iOSTakeHomeProjectUITests" */ = {
			isa = XCConfigurationList;
			buildConfigurations = (
				D38C31BD28CE29C60095C52D /* Debug */,
				D38C31BE28CE29C60095C52D /* Release */,
			);
			defaultConfigurationIsVisible = 0;
			defaultConfigurationName = Release;
		};
/* End XCConfigurationList section */
	};
	rootObject = D344FC1C28CBFD0F0004AC6F /* Project object */;
}
