// !$*UTF8*$!
{
	archiveVersion = 1;
	classes = {
	};
	objectVersion = 55;
	objects = {

/* Begin PBXBuildFile section */
		D344FC2828CBFD0F0004AC6F /* iOSTakeHomeProjectApp.swift in Sources */ = {isa = PBXBuildFile; fileRef = D344FC2728CBFD0F0004AC6F /* iOSTakeHomeProjectApp.swift */; };
		D344FC2C28CBFD100004AC6F /* Assets.xcassets in Resources */ = {isa = PBXBuildFile; fileRef = D344FC2B28CBFD100004AC6F /* Assets.xcassets */; };
		D344FC2F28CBFD100004AC6F /* Preview Assets.xcassets in Resources */ = {isa = PBXBuildFile; fileRef = D344FC2E28CBFD100004AC6F /* Preview Assets.xcassets */; };
		D344FC3628CBFD590004AC6F /* Symbols.swift in Sources */ = {isa = PBXBuildFile; fileRef = D344FC3528CBFD590004AC6F /* Symbols.swift */; };
		D344FC3928CBFEF60004AC6F /* Theme.swift in Sources */ = {isa = PBXBuildFile; fileRef = D344FC3828CBFEF60004AC6F /* Theme.swift */; };
		D344FC4E28CC060B0004AC6F /* Launch Screen.storyboard in Resources */ = {isa = PBXBuildFile; fileRef = D344FC4D28CC060B0004AC6F /* Launch Screen.storyboard */; };
		D344FC5128CC09FC0004AC6F /* UsersStaticData.json in Resources */ = {isa = PBXBuildFile; fileRef = D344FC5028CC09FC0004AC6F /* UsersStaticData.json */; };
		D344FC5528CC0B220004AC6F /* UserDetailResponse.swift in Sources */ = {isa = PBXBuildFile; fileRef = D344FC5428CC0B220004AC6F /* UserDetailResponse.swift */; };
		D344FC5728CC0BA50004AC6F /* UsersResponse.swift in Sources */ = {isa = PBXBuildFile; fileRef = D344FC5628CC0BA50004AC6F /* UsersResponse.swift */; };
		D344FC5A28CC0C310004AC6F /* Models.swift in Sources */ = {isa = PBXBuildFile; fileRef = D344FC5928CC0C310004AC6F /* Models.swift */; };
		D344FC5D28CC0C7D0004AC6F /* StaticJSONMapper.swift in Sources */ = {isa = PBXBuildFile; fileRef = D344FC5C28CC0C7D0004AC6F /* StaticJSONMapper.swift */; };
		D34F5E5428CCDBFD00D81712 /* CreateView.swift in Sources */ = {isa = PBXBuildFile; fileRef = D34F5E5328CCDBFD00D81712 /* CreateView.swift */; };
		D3502BF528CC140100E8E09A /* SingleUserData.json in Resources */ = {isa = PBXBuildFile; fileRef = D3502BF428CC140100E8E09A /* SingleUserData.json */; };
		D3502BF728CC162300E8E09A /* PeopleView.swift in Sources */ = {isa = PBXBuildFile; fileRef = D3502BF628CC162300E8E09A /* PeopleView.swift */; };
		D3502BF928CC1BA600E8E09A /* PersonItemView.swift in Sources */ = {isa = PBXBuildFile; fileRef = D3502BF828CC1BA600E8E09A /* PersonItemView.swift */; };
		D3502BFC28CC1CB800E8E09A /* PillView.swift in Sources */ = {isa = PBXBuildFile; fileRef = D3502BFB28CC1CB800E8E09A /* PillView.swift */; };
		D3502BFE28CC214100E8E09A /* DetailView.swift in Sources */ = {isa = PBXBuildFile; fileRef = D3502BFD28CC214100E8E09A /* DetailView.swift */; };
/* End PBXBuildFile section */

/* Begin PBXFileReference section */
		D344FC2428CBFD0F0004AC6F /* iOSTakeHomeProject.app */ = {isa = PBXFileReference; explicitFileType = wrapper.application; includeInIndex = 0; path = iOSTakeHomeProject.app; sourceTree = BUILT_PRODUCTS_DIR; };
		D344FC2728CBFD0F0004AC6F /* iOSTakeHomeProjectApp.swift */ = {isa = PBXFileReference; lastKnownFileType = sourcecode.swift; path = iOSTakeHomeProjectApp.swift; sourceTree = "<group>"; };
		D344FC2B28CBFD100004AC6F /* Assets.xcassets */ = {isa = PBXFileReference; lastKnownFileType = folder.assetcatalog; path = Assets.xcassets; sourceTree = "<group>"; };
		D344FC2E28CBFD100004AC6F /* Preview Assets.xcassets */ = {isa = PBXFileReference; lastKnownFileType = folder.assetcatalog; path = "Preview Assets.xcassets"; sourceTree = "<group>"; };
		D344FC3528CBFD590004AC6F /* Symbols.swift */ = {isa = PBXFileReference; lastKnownFileType = sourcecode.swift; path = Symbols.swift; sourceTree = "<group>"; };
		D344FC3828CBFEF60004AC6F /* Theme.swift */ = {isa = PBXFileReference; lastKnownFileType = sourcecode.swift; path = Theme.swift; sourceTree = "<group>"; };
		D344FC4D28CC060B0004AC6F /* Launch Screen.storyboard */ = {isa = PBXFileReference; lastKnownFileType = file.storyboard; path = "Launch Screen.storyboard"; sourceTree = "<group>"; };
		D344FC5028CC09FC0004AC6F /* UsersStaticData.json */ = {isa = PBXFileReference; lastKnownFileType = text.json; path = UsersStaticData.json; sourceTree = "<group>"; };
		D344FC5428CC0B220004AC6F /* UserDetailResponse.swift */ = {isa = PBXFileReference; lastKnownFileType = sourcecode.swift; path = UserDetailResponse.swift; sourceTree = "<group>"; };
		D344FC5628CC0BA50004AC6F /* UsersResponse.swift */ = {isa = PBXFileReference; lastKnownFileType = sourcecode.swift; path = UsersResponse.swift; sourceTree = "<group>"; };
		D344FC5928CC0C310004AC6F /* Models.swift */ = {isa = PBXFileReference; lastKnownFileType = sourcecode.swift; path = Models.swift; sourceTree = "<group>"; };
		D344FC5C28CC0C7D0004AC6F /* StaticJSONMapper.swift */ = {isa = PBXFileReference; lastKnownFileType = sourcecode.swift; path = StaticJSONMapper.swift; sourceTree = "<group>"; };
		D34F5E5328CCDBFD00D81712 /* CreateView.swift */ = {isa = PBXFileReference; lastKnownFileType = sourcecode.swift; path = CreateView.swift; sourceTree = "<group>"; };
		D3502BF428CC140100E8E09A /* SingleUserData.json */ = {isa = PBXFileReference; lastKnownFileType = text.json; path = SingleUserData.json; sourceTree = "<group>"; };
		D3502BF628CC162300E8E09A /* PeopleView.swift */ = {isa = PBXFileReference; lastKnownFileType = sourcecode.swift; path = PeopleView.swift; sourceTree = "<group>"; };
		D3502BF828CC1BA600E8E09A /* PersonItemView.swift */ = {isa = PBXFileReference; lastKnownFileType = sourcecode.swift; path = PersonItemView.swift; sourceTree = "<group>"; };
		D3502BFB28CC1CB800E8E09A /* PillView.swift */ = {isa = PBXFileReference; lastKnownFileType = sourcecode.swift; path = PillView.swift; sourceTree = "<group>"; };
		D3502BFD28CC214100E8E09A /* DetailView.swift */ = {isa = PBXFileReference; lastKnownFileType = sourcecode.swift; path = DetailView.swift; sourceTree = "<group>"; };
/* End PBXFileReference section */

/* Begin PBXFrameworksBuildPhase section */
		D344FC2128CBFD0F0004AC6F /* Frameworks */ = {
			isa = PBXFrameworksBuildPhase;
			buildActionMask = 2147483647;
			files = (
			);
			runOnlyForDeploymentPostprocessing = 0;
		};
/* End PBXFrameworksBuildPhase section */

/* Begin PBXGroup section */
		D344FC1B28CBFD0F0004AC6F = {
			isa = PBXGroup;
			children = (
				D344FC2628CBFD0F0004AC6F /* iOSTakeHomeProject */,
				D344FC2528CBFD0F0004AC6F /* Products */,
			);
			sourceTree = "<group>";
		};
		D344FC2528CBFD0F0004AC6F /* Products */ = {
			isa = PBXGroup;
			children = (
				D344FC2428CBFD0F0004AC6F /* iOSTakeHomeProject.app */,
			);
			name = Products;
			sourceTree = "<group>";
		};
		D344FC2628CBFD0F0004AC6F /* iOSTakeHomeProject */ = {
			isa = PBXGroup;
			children = (
				D344FC2728CBFD0F0004AC6F /* iOSTakeHomeProjectApp.swift */,
				D344FC3A28CC00360004AC6F /* Base */,
				D344FC3B28CC00410004AC6F /* Features */,
				D344FC3728CBFDA60004AC6F /* Resources */,
				D344FC4D28CC060B0004AC6F /* Launch Screen.storyboard */,
				D344FC2B28CBFD100004AC6F /* Assets.xcassets */,
				D344FC2D28CBFD100004AC6F /* Preview Content */,
			);
			path = iOSTakeHomeProject;
			sourceTree = "<group>";
		};
		D344FC2D28CBFD100004AC6F /* Preview Content */ = {
			isa = PBXGroup;
			children = (
				D344FC2E28CBFD100004AC6F /* Preview Assets.xcassets */,
			);
			path = "Preview Content";
			sourceTree = "<group>";
		};
		D344FC3728CBFDA60004AC6F /* Resources */ = {
			isa = PBXGroup;
			children = (
				D3502BF328CC132400E8E09A /* JSON */,
				D344FC3528CBFD590004AC6F /* Symbols.swift */,
				D344FC3828CBFEF60004AC6F /* Theme.swift */,
			);
			path = Resources;
			sourceTree = "<group>";
		};
		D344FC3A28CC00360004AC6F /* Base */ = {
			isa = PBXGroup;
			children = (
				D344FC5828CC0C170004AC6F /* Models */,
				D344FC5B28CC0C630004AC6F /* Mapper */,
				D3502BFA28CC1CA700E8E09A /* Views */,
			);
			path = Base;
			sourceTree = "<group>";
		};
		D344FC3B28CC00410004AC6F /* Features */ = {
			isa = PBXGroup;
			children = (
				D344FC3C28CC00630004AC6F /* People */,
				D344FC3E28CC00730004AC6F /* Detail */,
				D344FC3D28CC006C0004AC6F /* Create */,
				D344FC3F28CC00780004AC6F /* Settings */,
			);
			path = Features;
			sourceTree = "<group>";
		};
		D344FC3C28CC00630004AC6F /* People */ = {
			isa = PBXGroup;
			children = (
				D344FC4128CC009C0004AC6F /* Models */,
				D344FC4028CC00940004AC6F /* Views */,
				D344FC4228CC00A30004AC6F /* ViewModels */,
			);
			path = People;
			sourceTree = "<group>";
		};
		D344FC3D28CC006C0004AC6F /* Create */ = {
			isa = PBXGroup;
			children = (
				D344FC4328CC00B50004AC6F /* Models */,
				D344FC4428CC00B50004AC6F /* Views */,
				D344FC4528CC00B50004AC6F /* ViewModels */,
			);
			path = Create;
			sourceTree = "<group>";
		};
		D344FC3E28CC00730004AC6F /* Detail */ = {
			isa = PBXGroup;
			children = (
				D344FC4628CC00BC0004AC6F /* Models */,
				D344FC4828CC00BC0004AC6F /* Views */,
				D344FC4728CC00BC0004AC6F /* ViewModels */,
			);
			path = Detail;
			sourceTree = "<group>";
		};
		D344FC3F28CC00780004AC6F /* Settings */ = {
			isa = PBXGroup;
			children = (
				D344FC4A28CC00BE0004AC6F /* Views */,
			);
			path = Settings;
			sourceTree = "<group>";
		};
		D344FC4028CC00940004AC6F /* Views */ = {
			isa = PBXGroup;
			children = (
				D3502BF628CC162300E8E09A /* PeopleView.swift */,
				D3502BF828CC1BA600E8E09A /* PersonItemView.swift */,
			);
			path = Views;
			sourceTree = "<group>";
		};
		D344FC4128CC009C0004AC6F /* Models */ = {
			isa = PBXGroup;
			children = (
				D344FC5628CC0BA50004AC6F /* UsersResponse.swift */,
			);
			path = Models;
			sourceTree = "<group>";
		};
		D344FC4228CC00A30004AC6F /* ViewModels */ = {
			isa = PBXGroup;
			children = (
			);
			path = ViewModels;
			sourceTree = "<group>";
		};
		D344FC4328CC00B50004AC6F /* Models */ = {
			isa = PBXGroup;
			children = (
			);
			path = Models;
			sourceTree = "<group>";
		};
		D344FC4428CC00B50004AC6F /* Views */ = {
			isa = PBXGroup;
			children = (
				D34F5E5328CCDBFD00D81712 /* CreateView.swift */,
			);
			path = Views;
			sourceTree = "<group>";
		};
		D344FC4528CC00B50004AC6F /* ViewModels */ = {
			isa = PBXGroup;
			children = (
			);
			path = ViewModels;
			sourceTree = "<group>";
		};
		D344FC4628CC00BC0004AC6F /* Models */ = {
			isa = PBXGroup;
			children = (
				D344FC5428CC0B220004AC6F /* UserDetailResponse.swift */,
			);
			path = Models;
			sourceTree = "<group>";
		};
		D344FC4728CC00BC0004AC6F /* ViewModels */ = {
			isa = PBXGroup;
			children = (
			);
			path = ViewModels;
			sourceTree = "<group>";
		};
		D344FC4828CC00BC0004AC6F /* Views */ = {
			isa = PBXGroup;
			children = (
				D3502BFD28CC214100E8E09A /* DetailView.swift */,
			);
			path = Views;
			sourceTree = "<group>";
		};
		D344FC4A28CC00BE0004AC6F /* Views */ = {
			isa = PBXGroup;
			children = (
			);
			path = Views;
			sourceTree = "<group>";
		};
		D344FC5828CC0C170004AC6F /* Models */ = {
			isa = PBXGroup;
			children = (
				D344FC5928CC0C310004AC6F /* Models.swift */,
			);
			path = Models;
			sourceTree = "<group>";
		};
		D344FC5B28CC0C630004AC6F /* Mapper */ = {
			isa = PBXGroup;
			children = (
				D344FC5C28CC0C7D0004AC6F /* StaticJSONMapper.swift */,
			);
			path = Mapper;
			sourceTree = "<group>";
		};
		D3502BF328CC132400E8E09A /* JSON */ = {
			isa = PBXGroup;
			children = (
				D3502BF428CC140100E8E09A /* SingleUserData.json */,
				D344FC5028CC09FC0004AC6F /* UsersStaticData.json */,
			);
			path = JSON;
			sourceTree = "<group>";
		};
		D3502BFA28CC1CA700E8E09A /* Views */ = {
			isa = PBXGroup;
			children = (
				D3502BFB28CC1CB800E8E09A /* PillView.swift */,
			);
			path = Views;
			sourceTree = "<group>";
		};
/* End PBXGroup section */

/* Begin PBXNativeTarget section */
		D344FC2328CBFD0F0004AC6F /* iOSTakeHomeProject */ = {
			isa = PBXNativeTarget;
			buildConfigurationList = D344FC3228CBFD100004AC6F /* Build configuration list for PBXNativeTarget "iOSTakeHomeProject" */;
			buildPhases = (
				D344FC2028CBFD0F0004AC6F /* Sources */,
				D344FC2128CBFD0F0004AC6F /* Frameworks */,
				D344FC2228CBFD0F0004AC6F /* Resources */,
			);
			buildRules = (
			);
			dependencies = (
			);
			name = iOSTakeHomeProject;
			productName = iOSTakeHomeProject;
			productReference = D344FC2428CBFD0F0004AC6F /* iOSTakeHomeProject.app */;
			productType = "com.apple.product-type.application";
		};
/* End PBXNativeTarget section */

/* Begin PBXProject section */
		D344FC1C28CBFD0F0004AC6F /* Project object */ = {
			isa = PBXProject;
			attributes = {
				BuildIndependentTargetsInParallel = 1;
				LastSwiftUpdateCheck = 1340;
				LastUpgradeCheck = 1340;
				TargetAttributes = {
					D344FC2328CBFD0F0004AC6F = {
						CreatedOnToolsVersion = 13.4.1;
					};
				};
			};
			buildConfigurationList = D344FC1F28CBFD0F0004AC6F /* Build configuration list for PBXProject "iOSTakeHomeProject" */;
			compatibilityVersion = "Xcode 13.0";
			developmentRegion = en;
			hasScannedForEncodings = 0;
			knownRegions = (
				en,
				Base,
			);
			mainGroup = D344FC1B28CBFD0F0004AC6F;
			productRefGroup = D344FC2528CBFD0F0004AC6F /* Products */;
			projectDirPath = "";
			projectRoot = "";
			targets = (
				D344FC2328CBFD0F0004AC6F /* iOSTakeHomeProject */,
			);
		};
/* End PBXProject section */

/* Begin PBXResourcesBuildPhase section */
		D344FC2228CBFD0F0004AC6F /* Resources */ = {
			isa = PBXResourcesBuildPhase;
			buildActionMask = 2147483647;
			files = (
				D344FC5128CC09FC0004AC6F /* UsersStaticData.json in Resources */,
				D3502BF528CC140100E8E09A /* SingleUserData.json in Resources */,
				D344FC4E28CC060B0004AC6F /* Launch Screen.storyboard in Resources */,
				D344FC2F28CBFD100004AC6F /* Preview Assets.xcassets in Resources */,
				D344FC2C28CBFD100004AC6F /* Assets.xcassets in Resources */,
			);
			runOnlyForDeploymentPostprocessing = 0;
		};
/* End PBXResourcesBuildPhase section */

/* Begin PBXSourcesBuildPhase section */
		D344FC2028CBFD0F0004AC6F /* Sources */ = {
			isa = PBXSourcesBuildPhase;
			buildActionMask = 2147483647;
			files = (
				D344FC5D28CC0C7D0004AC6F /* StaticJSONMapper.swift in Sources */,
				D3502BFC28CC1CB800E8E09A /* PillView.swift in Sources */,
				D344FC3628CBFD590004AC6F /* Symbols.swift in Sources */,
				D344FC3928CBFEF60004AC6F /* Theme.swift in Sources */,
				D3502BF728CC162300E8E09A /* PeopleView.swift in Sources */,
				D3502BFE28CC214100E8E09A /* DetailView.swift in Sources */,
				D344FC5528CC0B220004AC6F /* UserDetailResponse.swift in Sources */,
				D344FC2828CBFD0F0004AC6F /* iOSTakeHomeProjectApp.swift in Sources */,
				D344FC5728CC0BA50004AC6F /* UsersResponse.swift in Sources */,
				D3502BF928CC1BA600E8E09A /* PersonItemView.swift in Sources */,
				D34F5E5428CCDBFD00D81712 /* CreateView.swift in Sources */,
				D344FC5A28CC0C310004AC6F /* Models.swift in Sources */,
			);
			runOnlyForDeploymentPostprocessing = 0;
		};
/* End PBXSourcesBuildPhase section */

/* Begin XCBuildConfiguration section */
		D344FC3028CBFD100004AC6F /* Debug */ = {
			isa = XCBuildConfiguration;
			buildSettings = {
				ALWAYS_SEARCH_USER_PATHS = NO;
				CLANG_ANALYZER_NONNULL = YES;
				CLANG_ANALYZER_NUMBER_OBJECT_CONVERSION = YES_AGGRESSIVE;
				CLANG_CXX_LANGUAGE_STANDARD = "gnu++17";
				CLANG_ENABLE_MODULES = YES;
				CLANG_ENABLE_OBJC_ARC = YES;
				CLANG_ENABLE_OBJC_WEAK = YES;
				CLANG_WARN_BLOCK_CAPTURE_AUTORELEASING = YES;
				CLANG_WARN_BOOL_CONVERSION = YES;
				CLANG_WARN_COMMA = YES;
				CLANG_WARN_CONSTANT_CONVERSION = YES;
				CLANG_WARN_DEPRECATED_OBJC_IMPLEMENTATIONS = YES;
				CLANG_WARN_DIRECT_OBJC_ISA_USAGE = YES_ERROR;
				CLANG_WARN_DOCUMENTATION_COMMENTS = YES;
				CLANG_WARN_EMPTY_BODY = YES;
				CLANG_WARN_ENUM_CONVERSION = YES;
				CLANG_WARN_INFINITE_RECURSION = YES;
				CLANG_WARN_INT_CONVERSION = YES;
				CLANG_WARN_NON_LITERAL_NULL_CONVERSION = YES;
				CLANG_WARN_OBJC_IMPLICIT_RETAIN_SELF = YES;
				CLANG_WARN_OBJC_LITERAL_CONVERSION = YES;
				CLANG_WARN_OBJC_ROOT_CLASS = YES_ERROR;
				CLANG_WARN_QUOTED_INCLUDE_IN_FRAMEWORK_HEADER = YES;
				CLANG_WARN_RANGE_LOOP_ANALYSIS = YES;
				CLANG_WARN_STRICT_PROTOTYPES = YES;
				CLANG_WARN_SUSPICIOUS_MOVE = YES;
				CLANG_WARN_UNGUARDED_AVAILABILITY = YES_AGGRESSIVE;
				CLANG_WARN_UNREACHABLE_CODE = YES;
				CLANG_WARN__DUPLICATE_METHOD_MATCH = YES;
				COPY_PHASE_STRIP = NO;
				DEBUG_INFORMATION_FORMAT = dwarf;
				ENABLE_STRICT_OBJC_MSGSEND = YES;
				ENABLE_TESTABILITY = YES;
				GCC_C_LANGUAGE_STANDARD = gnu11;
				GCC_DYNAMIC_NO_PIC = NO;
				GCC_NO_COMMON_BLOCKS = YES;
				GCC_OPTIMIZATION_LEVEL = 0;
				GCC_PREPROCESSOR_DEFINITIONS = (
					"DEBUG=1",
					"$(inherited)",
				);
				GCC_WARN_64_TO_32_BIT_CONVERSION = YES;
				GCC_WARN_ABOUT_RETURN_TYPE = YES_ERROR;
				GCC_WARN_UNDECLARED_SELECTOR = YES;
				GCC_WARN_UNINITIALIZED_AUTOS = YES_AGGRESSIVE;
				GCC_WARN_UNUSED_FUNCTION = YES;
				GCC_WARN_UNUSED_VARIABLE = YES;
				IPHONEOS_DEPLOYMENT_TARGET = 15.5;
				MTL_ENABLE_DEBUG_INFO = INCLUDE_SOURCE;
				MTL_FAST_MATH = YES;
				ONLY_ACTIVE_ARCH = YES;
				SDKROOT = iphoneos;
				SWIFT_ACTIVE_COMPILATION_CONDITIONS = DEBUG;
				SWIFT_OPTIMIZATION_LEVEL = "-Onone";
			};
			name = Debug;
		};
		D344FC3128CBFD100004AC6F /* Release */ = {
			isa = XCBuildConfiguration;
			buildSettings = {
				ALWAYS_SEARCH_USER_PATHS = NO;
				CLANG_ANALYZER_NONNULL = YES;
				CLANG_ANALYZER_NUMBER_OBJECT_CONVERSION = YES_AGGRESSIVE;
				CLANG_CXX_LANGUAGE_STANDARD = "gnu++17";
				CLANG_ENABLE_MODULES = YES;
				CLANG_ENABLE_OBJC_ARC = YES;
				CLANG_ENABLE_OBJC_WEAK = YES;
				CLANG_WARN_BLOCK_CAPTURE_AUTORELEASING = YES;
				CLANG_WARN_BOOL_CONVERSION = YES;
				CLANG_WARN_COMMA = YES;
				CLANG_WARN_CONSTANT_CONVERSION = YES;
				CLANG_WARN_DEPRECATED_OBJC_IMPLEMENTATIONS = YES;
				CLANG_WARN_DIRECT_OBJC_ISA_USAGE = YES_ERROR;
				CLANG_WARN_DOCUMENTATION_COMMENTS = YES;
				CLANG_WARN_EMPTY_BODY = YES;
				CLANG_WARN_ENUM_CONVERSION = YES;
				CLANG_WARN_INFINITE_RECURSION = YES;
				CLANG_WARN_INT_CONVERSION = YES;
				CLANG_WARN_NON_LITERAL_NULL_CONVERSION = YES;
				CLANG_WARN_OBJC_IMPLICIT_RETAIN_SELF = YES;
				CLANG_WARN_OBJC_LITERAL_CONVERSION = YES;
				CLANG_WARN_OBJC_ROOT_CLASS = YES_ERROR;
				CLANG_WARN_QUOTED_INCLUDE_IN_FRAMEWORK_HEADER = YES;
				CLANG_WARN_RANGE_LOOP_ANALYSIS = YES;
				CLANG_WARN_STRICT_PROTOTYPES = YES;
				CLANG_WARN_SUSPICIOUS_MOVE = YES;
				CLANG_WARN_UNGUARDED_AVAILABILITY = YES_AGGRESSIVE;
				CLANG_WARN_UNREACHABLE_CODE = YES;
				CLANG_WARN__DUPLICATE_METHOD_MATCH = YES;
				COPY_PHASE_STRIP = NO;
				DEBUG_INFORMATION_FORMAT = "dwarf-with-dsym";
				ENABLE_NS_ASSERTIONS = NO;
				ENABLE_STRICT_OBJC_MSGSEND = YES;
				GCC_C_LANGUAGE_STANDARD = gnu11;
				GCC_NO_COMMON_BLOCKS = YES;
				GCC_WARN_64_TO_32_BIT_CONVERSION = YES;
				GCC_WARN_ABOUT_RETURN_TYPE = YES_ERROR;
				GCC_WARN_UNDECLARED_SELECTOR = YES;
				GCC_WARN_UNINITIALIZED_AUTOS = YES_AGGRESSIVE;
				GCC_WARN_UNUSED_FUNCTION = YES;
				GCC_WARN_UNUSED_VARIABLE = YES;
				IPHONEOS_DEPLOYMENT_TARGET = 15.5;
				MTL_ENABLE_DEBUG_INFO = NO;
				MTL_FAST_MATH = YES;
				SDKROOT = iphoneos;
				SWIFT_COMPILATION_MODE = wholemodule;
				SWIFT_OPTIMIZATION_LEVEL = "-O";
				VALIDATE_PRODUCT = YES;
			};
			name = Release;
		};
		D344FC3328CBFD100004AC6F /* Debug */ = {
			isa = XCBuildConfiguration;
			buildSettings = {
				ASSETCATALOG_COMPILER_APPICON_NAME = AppIcon;
				ASSETCATALOG_COMPILER_GLOBAL_ACCENT_COLOR_NAME = AccentColor;
				CODE_SIGN_STYLE = Automatic;
				CURRENT_PROJECT_VERSION = 1;
				DEVELOPMENT_ASSET_PATHS = "\"iOSTakeHomeProject/Preview Content\"";
				DEVELOPMENT_TEAM = HB73YMFXYF;
				ENABLE_PREVIEWS = YES;
				GENERATE_INFOPLIST_FILE = YES;
				INFOPLIST_FILE = iOSTakeHomeProject/Info.plist;
				INFOPLIST_KEY_UIApplicationSceneManifest_Generation = YES;
				INFOPLIST_KEY_UIApplicationSupportsIndirectInputEvents = YES;
				INFOPLIST_KEY_UILaunchStoryboardName = "Launch Screen";
				INFOPLIST_KEY_UISupportedInterfaceOrientations_iPad = "UIInterfaceOrientationPortrait UIInterfaceOrientationPortraitUpsideDown UIInterfaceOrientationLandscapeLeft UIInterfaceOrientationLandscapeRight";
				INFOPLIST_KEY_UISupportedInterfaceOrientations_iPhone = "UIInterfaceOrientationPortrait UIInterfaceOrientationLandscapeLeft UIInterfaceOrientationLandscapeRight";
				LD_RUNPATH_SEARCH_PATHS = (
					"$(inherited)",
					"@executable_path/Frameworks",
				);
				MARKETING_VERSION = 1.0;
				PRODUCT_BUNDLE_IDENTIFIER = com.YSBoomOfficial.iOSTakeHomeProject;
				PRODUCT_NAME = "$(TARGET_NAME)";
				SWIFT_EMIT_LOC_STRINGS = YES;
				SWIFT_VERSION = 5.0;
				TARGETED_DEVICE_FAMILY = "1,2";
			};
			name = Debug;
		};
		D344FC3428CBFD100004AC6F /* Release */ = {
			isa = XCBuildConfiguration;
			buildSettings = {
				ASSETCATALOG_COMPILER_APPICON_NAME = AppIcon;
				ASSETCATALOG_COMPILER_GLOBAL_ACCENT_COLOR_NAME = AccentColor;
				CODE_SIGN_STYLE = Automatic;
				CURRENT_PROJECT_VERSION = 1;
				DEVELOPMENT_ASSET_PATHS = "\"iOSTakeHomeProject/Preview Content\"";
				DEVELOPMENT_TEAM = HB73YMFXYF;
				ENABLE_PREVIEWS = YES;
				GENERATE_INFOPLIST_FILE = YES;
				INFOPLIST_FILE = iOSTakeHomeProject/Info.plist;
				INFOPLIST_KEY_UIApplicationSceneManifest_Generation = YES;
				INFOPLIST_KEY_UIApplicationSupportsIndirectInputEvents = YES;
				INFOPLIST_KEY_UILaunchStoryboardName = "Launch Screen";
				INFOPLIST_KEY_UISupportedInterfaceOrientations_iPad = "UIInterfaceOrientationPortrait UIInterfaceOrientationPortraitUpsideDown UIInterfaceOrientationLandscapeLeft UIInterfaceOrientationLandscapeRight";
				INFOPLIST_KEY_UISupportedInterfaceOrientations_iPhone = "UIInterfaceOrientationPortrait UIInterfaceOrientationLandscapeLeft UIInterfaceOrientationLandscapeRight";
				LD_RUNPATH_SEARCH_PATHS = (
					"$(inherited)",
					"@executable_path/Frameworks",
				);
				MARKETING_VERSION = 1.0;
				PRODUCT_BUNDLE_IDENTIFIER = com.YSBoomOfficial.iOSTakeHomeProject;
				PRODUCT_NAME = "$(TARGET_NAME)";
				SWIFT_EMIT_LOC_STRINGS = YES;
				SWIFT_VERSION = 5.0;
				TARGETED_DEVICE_FAMILY = "1,2";
			};
			name = Release;
		};
/* End XCBuildConfiguration section */

/* Begin XCConfigurationList section */
		D344FC1F28CBFD0F0004AC6F /* Build configuration list for PBXProject "iOSTakeHomeProject" */ = {
			isa = XCConfigurationList;
			buildConfigurations = (
				D344FC3028CBFD100004AC6F /* Debug */,
				D344FC3128CBFD100004AC6F /* Release */,
			);
			defaultConfigurationIsVisible = 0;
			defaultConfigurationName = Release;
		};
		D344FC3228CBFD100004AC6F /* Build configuration list for PBXNativeTarget "iOSTakeHomeProject" */ = {
			isa = XCConfigurationList;
			buildConfigurations = (
				D344FC3328CBFD100004AC6F /* Debug */,
				D344FC3428CBFD100004AC6F /* Release */,
			);
			defaultConfigurationIsVisible = 0;
			defaultConfigurationName = Release;
		};
/* End XCConfigurationList section */
	};
	rootObject = D344FC1C28CBFD0F0004AC6F /* Project object */;
}
